// !$*UTF8*$!
{
	archiveVersion = 1;
	classes = {
	};
	objectVersion = 46;
	objects = {

/* Begin PBXBuildFile section */
		FB07B7551C8D8CB200501747 /* MMDrawerBarButtonItem.m in Sources */ = {isa = PBXBuildFile; fileRef = FB07B74D1C8D8CB200501747 /* MMDrawerBarButtonItem.m */; };
		FB07B7561C8D8CB200501747 /* MMDrawerController.m in Sources */ = {isa = PBXBuildFile; fileRef = FB07B7501C8D8CB200501747 /* MMDrawerController.m */; };
		FB07B7571C8D8CB200501747 /* MMDrawerVisualState.m in Sources */ = {isa = PBXBuildFile; fileRef = FB07B7521C8D8CB200501747 /* MMDrawerVisualState.m */; };
		FB07B7581C8D8CB200501747 /* UIViewController+MMDrawerController.m in Sources */ = {isa = PBXBuildFile; fileRef = FB07B7541C8D8CB200501747 /* UIViewController+MMDrawerController.m */; };
		FB0BC57A1C965A840014DA54 /* ZhRegisterViewController.m in Sources */ = {isa = PBXBuildFile; fileRef = FB0BC5791C965A840014DA54 /* ZhRegisterViewController.m */; };
		FB0BC5DA1C97BAFB0014DA54 /* ASIAuthenticationDialog.m in Sources */ = {isa = PBXBuildFile; fileRef = FB0BC5C51C97BAFB0014DA54 /* ASIAuthenticationDialog.m */; settings = {COMPILER_FLAGS = "-fno-objc-arc"; }; };
		FB0BC5DB1C97BAFB0014DA54 /* ASIDataCompressor.m in Sources */ = {isa = PBXBuildFile; fileRef = FB0BC5C81C97BAFB0014DA54 /* ASIDataCompressor.m */; settings = {COMPILER_FLAGS = "-fno-objc-arc"; }; };
		FB0BC5DC1C97BAFB0014DA54 /* ASIDataDecompressor.m in Sources */ = {isa = PBXBuildFile; fileRef = FB0BC5CA1C97BAFB0014DA54 /* ASIDataDecompressor.m */; settings = {COMPILER_FLAGS = "-fno-objc-arc"; }; };
		FB0BC5DD1C97BAFB0014DA54 /* ASIDownloadCache.m in Sources */ = {isa = PBXBuildFile; fileRef = FB0BC5CC1C97BAFB0014DA54 /* ASIDownloadCache.m */; settings = {COMPILER_FLAGS = "-fno-objc-arc"; }; };
		FB0BC5DE1C97BAFB0014DA54 /* ASIFormDataRequest.m in Sources */ = {isa = PBXBuildFile; fileRef = FB0BC5CE1C97BAFB0014DA54 /* ASIFormDataRequest.m */; settings = {COMPILER_FLAGS = "-fno-objc-arc"; }; };
		FB0BC5DF1C97BAFB0014DA54 /* ASIHTTPRequest.m in Sources */ = {isa = PBXBuildFile; fileRef = FB0BC5D01C97BAFB0014DA54 /* ASIHTTPRequest.m */; settings = {COMPILER_FLAGS = "-fno-objc-arc"; }; };
		FB0BC5E01C97BAFB0014DA54 /* ASIInputStream.m in Sources */ = {isa = PBXBuildFile; fileRef = FB0BC5D41C97BAFB0014DA54 /* ASIInputStream.m */; settings = {COMPILER_FLAGS = "-fno-objc-arc"; }; };
		FB0BC5E11C97BAFB0014DA54 /* ASINetworkQueue.m in Sources */ = {isa = PBXBuildFile; fileRef = FB0BC5D61C97BAFB0014DA54 /* ASINetworkQueue.m */; settings = {COMPILER_FLAGS = "-fno-objc-arc"; }; };
		FB0BC5E21C97BAFB0014DA54 /* Reachability.m in Sources */ = {isa = PBXBuildFile; fileRef = FB0BC5D91C97BAFB0014DA54 /* Reachability.m */; settings = {COMPILER_FLAGS = "-fno-objc-arc"; }; };
		FB0BC5E41C97C13B0014DA54 /* CFNetwork.framework in Frameworks */ = {isa = PBXBuildFile; fileRef = FB0BC5E31C97C13B0014DA54 /* CFNetwork.framework */; };
		FB0BC5E61C97C1480014DA54 /* SystemConfiguration.framework in Frameworks */ = {isa = PBXBuildFile; fileRef = FB0BC5E51C97C1480014DA54 /* SystemConfiguration.framework */; };
		FB0BC5E81C97C1510014DA54 /* MobileCoreServices.framework in Frameworks */ = {isa = PBXBuildFile; fileRef = FB0BC5E71C97C1510014DA54 /* MobileCoreServices.framework */; };
		FB0BC5EA1C97C1590014DA54 /* CoreGraphics.framework in Frameworks */ = {isa = PBXBuildFile; fileRef = FB0BC5E91C97C1590014DA54 /* CoreGraphics.framework */; };
		FB0BC5ED1C97C55C0014DA54 /* libxml2.2.tbd in Frameworks */ = {isa = PBXBuildFile; fileRef = FB0BC5EC1C97C55C0014DA54 /* libxml2.2.tbd */; };
		FB0BC5EF1C97C59A0014DA54 /* libz.tbd in Frameworks */ = {isa = PBXBuildFile; fileRef = FB0BC5EE1C97C59A0014DA54 /* libz.tbd */; };
		FB0BC5F71C97D33E0014DA54 /* ZhStringUtils.m in Sources */ = {isa = PBXBuildFile; fileRef = FB0BC5F61C97D33E0014DA54 /* ZhStringUtils.m */; };
		FB206E3D1C8E77E5009F7681 /* LHCustomModalTransition.m in Sources */ = {isa = PBXBuildFile; fileRef = FB206E3C1C8E77E5009F7681 /* LHCustomModalTransition.m */; };
		FB206E3F1C8E80C7009F7681 /* logo.png in Resources */ = {isa = PBXBuildFile; fileRef = FB206E3E1C8E80C7009F7681 /* logo.png */; };
		FB206E551C8EA92C009F7681 /* login_regner_phone.png in Resources */ = {isa = PBXBuildFile; fileRef = FB206E531C8EA92C009F7681 /* login_regner_phone.png */; };
		FB206E561C8EA92C009F7681 /* login_regner_phone@2x.png in Resources */ = {isa = PBXBuildFile; fileRef = FB206E541C8EA92C009F7681 /* login_regner_phone@2x.png */; };
		FB206E591C8EAA8C009F7681 /* pd_sdk_dialog_pwd.png in Resources */ = {isa = PBXBuildFile; fileRef = FB206E571C8EAA8C009F7681 /* pd_sdk_dialog_pwd.png */; };
		FB206E5A1C8EAA8C009F7681 /* pd_sdk_dialog_pwd@2x.png in Resources */ = {isa = PBXBuildFile; fileRef = FB206E581C8EAA8C009F7681 /* pd_sdk_dialog_pwd@2x.png */; };
		FB206E611C8EBB4B009F7681 /* ZhAuthUtilViewController.m in Sources */ = {isa = PBXBuildFile; fileRef = FB206E601C8EBB4B009F7681 /* ZhAuthUtilViewController.m */; };
		FB206E691C8EC01B009F7681 /* ZhLoginViewController.m in Sources */ = {isa = PBXBuildFile; fileRef = FB206E681C8EC01B009F7681 /* ZhLoginViewController.m */; };
		FB59BDE81CA3E2C700FD5EFA /* MMHud.m in Sources */ = {isa = PBXBuildFile; fileRef = FB59BDD61CA3E2C700FD5EFA /* MMHud.m */; };
		FB59BDE91CA3E2C700FD5EFA /* MMProgressHUD.m in Sources */ = {isa = PBXBuildFile; fileRef = FB59BDD81CA3E2C700FD5EFA /* MMProgressHUD.m */; };
		FB59BDEA1CA3E2C700FD5EFA /* MMProgressHUD+Animations.m in Sources */ = {isa = PBXBuildFile; fileRef = FB59BDDA1CA3E2C700FD5EFA /* MMProgressHUD+Animations.m */; };
		FB59BDEB1CA3E2C700FD5EFA /* MMProgressHUD+Class.m in Sources */ = {isa = PBXBuildFile; fileRef = FB59BDDB1CA3E2C700FD5EFA /* MMProgressHUD+Class.m */; };
		FB59BDEC1CA3E2C700FD5EFA /* MMProgressHUDOverlayView.m in Sources */ = {isa = PBXBuildFile; fileRef = FB59BDDD1CA3E2C700FD5EFA /* MMProgressHUDOverlayView.m */; };
		FB59BDED1CA3E2C700FD5EFA /* MMProgressHUDViewController.m in Sources */ = {isa = PBXBuildFile; fileRef = FB59BDDF1CA3E2C700FD5EFA /* MMProgressHUDViewController.m */; };
		FB59BDEE1CA3E2C700FD5EFA /* MMProgressHUDWindow.m in Sources */ = {isa = PBXBuildFile; fileRef = FB59BDE11CA3E2C700FD5EFA /* MMProgressHUDWindow.m */; };
		FB59BDEF1CA3E2C700FD5EFA /* MMRadialProgressView.m in Sources */ = {isa = PBXBuildFile; fileRef = FB59BDE31CA3E2C700FD5EFA /* MMRadialProgressView.m */; };
		FB59BDF01CA3E2C700FD5EFA /* MMVectorImage.m in Sources */ = {isa = PBXBuildFile; fileRef = FB59BDE51CA3E2C700FD5EFA /* MMVectorImage.m */; };
		FB59BDF11CA3E2C700FD5EFA /* MSKeyBoardManager.m in Sources */ = {isa = PBXBuildFile; fileRef = FB59BDE71CA3E2C700FD5EFA /* MSKeyBoardManager.m */; };
		FB59BE0C1CA3ED4E00FD5EFA /* NSObject+SBJson.m in Sources */ = {isa = PBXBuildFile; fileRef = FB59BDF41CA3ED4E00FD5EFA /* NSObject+SBJson.m */; };
		FB59BE0D1CA3ED4E00FD5EFA /* SBJsonParser.m in Sources */ = {isa = PBXBuildFile; fileRef = FB59BDF71CA3ED4E00FD5EFA /* SBJsonParser.m */; };
		FB59BE0E1CA3ED4E00FD5EFA /* SBJsonStreamParser.m in Sources */ = {isa = PBXBuildFile; fileRef = FB59BDF91CA3ED4E00FD5EFA /* SBJsonStreamParser.m */; };
		FB59BE0F1CA3ED4E00FD5EFA /* SBJsonStreamParserAccumulator.m in Sources */ = {isa = PBXBuildFile; fileRef = FB59BDFB1CA3ED4E00FD5EFA /* SBJsonStreamParserAccumulator.m */; };
		FB59BE101CA3ED4E00FD5EFA /* SBJsonStreamParserAdapter.m in Sources */ = {isa = PBXBuildFile; fileRef = FB59BDFD1CA3ED4E00FD5EFA /* SBJsonStreamParserAdapter.m */; };
		FB59BE111CA3ED4E00FD5EFA /* SBJsonStreamParserState.m in Sources */ = {isa = PBXBuildFile; fileRef = FB59BDFF1CA3ED4E00FD5EFA /* SBJsonStreamParserState.m */; };
		FB59BE121CA3ED4E00FD5EFA /* SBJsonStreamWriter.m in Sources */ = {isa = PBXBuildFile; fileRef = FB59BE011CA3ED4E00FD5EFA /* SBJsonStreamWriter.m */; };
		FB59BE131CA3ED4E00FD5EFA /* SBJsonStreamWriterAccumulator.m in Sources */ = {isa = PBXBuildFile; fileRef = FB59BE031CA3ED4E00FD5EFA /* SBJsonStreamWriterAccumulator.m */; };
		FB59BE141CA3ED4E00FD5EFA /* SBJsonStreamWriterState.m in Sources */ = {isa = PBXBuildFile; fileRef = FB59BE051CA3ED4E00FD5EFA /* SBJsonStreamWriterState.m */; };
		FB59BE151CA3ED4E00FD5EFA /* SBJsonTokeniser.m in Sources */ = {isa = PBXBuildFile; fileRef = FB59BE071CA3ED4E00FD5EFA /* SBJsonTokeniser.m */; };
		FB59BE161CA3ED4E00FD5EFA /* SBJsonUTF8Stream.m in Sources */ = {isa = PBXBuildFile; fileRef = FB59BE091CA3ED4E00FD5EFA /* SBJsonUTF8Stream.m */; };
		FB59BE171CA3ED4E00FD5EFA /* SBJsonWriter.m in Sources */ = {isa = PBXBuildFile; fileRef = FB59BE0B1CA3ED4E00FD5EFA /* SBJsonWriter.m */; };
		FB59BE1E1CA3EE4B00FD5EFA /* ZhPublicDef.m in Sources */ = {isa = PBXBuildFile; fileRef = FB59BE1D1CA3EE4B00FD5EFA /* ZhPublicDef.m */; };
		FB6B58011CA92CCC005B06C0 /* ZhUserInfoView.m in Sources */ = {isa = PBXBuildFile; fileRef = FB6B58001CA92CCC005B06C0 /* ZhUserInfoView.m */; };
		FB6B58081CA9391B005B06C0 /* ZhMyselfService.m in Sources */ = {isa = PBXBuildFile; fileRef = FB6B58071CA9391B005B06C0 /* ZhMyselfService.m */; };
		FBA7F7AC1C8D6DAB000C8119 /* main.m in Sources */ = {isa = PBXBuildFile; fileRef = FBA7F7AB1C8D6DAB000C8119 /* main.m */; };
		FBA7F7AF1C8D6DAB000C8119 /* AppDelegate.m in Sources */ = {isa = PBXBuildFile; fileRef = FBA7F7AE1C8D6DAB000C8119 /* AppDelegate.m */; };
		FBA7F7B21C8D6DAB000C8119 /* ViewController.m in Sources */ = {isa = PBXBuildFile; fileRef = FBA7F7B11C8D6DAB000C8119 /* ViewController.m */; };
		FBA7F7B51C8D6DAB000C8119 /* Main.storyboard in Resources */ = {isa = PBXBuildFile; fileRef = FBA7F7B31C8D6DAB000C8119 /* Main.storyboard */; };
		FBA7F7B71C8D6DAB000C8119 /* Assets.xcassets in Resources */ = {isa = PBXBuildFile; fileRef = FBA7F7B61C8D6DAB000C8119 /* Assets.xcassets */; };
		FBA7F7BA1C8D6DAB000C8119 /* LaunchScreen.storyboard in Resources */ = {isa = PBXBuildFile; fileRef = FBA7F7B81C8D6DAB000C8119 /* LaunchScreen.storyboard */; };
		FBA7F7C51C8D6DAB000C8119 /* ZhGameTests.m in Sources */ = {isa = PBXBuildFile; fileRef = FBA7F7C41C8D6DAB000C8119 /* ZhGameTests.m */; };
		FBA7F7D01C8D6DAB000C8119 /* ZhGameUITests.m in Sources */ = {isa = PBXBuildFile; fileRef = FBA7F7CF1C8D6DAB000C8119 /* ZhGameUITests.m */; };
		FBA7F7EB1C8D6DED000C8119 /* addMore.png in Resources */ = {isa = PBXBuildFile; fileRef = FBA7F7DE1C8D6DED000C8119 /* addMore.png */; };
		FBA7F7EC1C8D6DED000C8119 /* btn_release@2x.png in Resources */ = {isa = PBXBuildFile; fileRef = FBA7F7DF1C8D6DED000C8119 /* btn_release@2x.png */; };
		FBA7F7ED1C8D6DED000C8119 /* btn_release@3x.png in Resources */ = {isa = PBXBuildFile; fileRef = FBA7F7E01C8D6DED000C8119 /* btn_release@3x.png */; };
		FBA7F7EE1C8D6DED000C8119 /* choose.png in Resources */ = {isa = PBXBuildFile; fileRef = FBA7F7E11C8D6DED000C8119 /* choose.png */; };
		FBA7F7F01C8D6DED000C8119 /* tab_buddy_nor@2x.png in Resources */ = {isa = PBXBuildFile; fileRef = FBA7F7E31C8D6DED000C8119 /* tab_buddy_nor@2x.png */; };
		FBA7F7F11C8D6DED000C8119 /* tab_buddy_press@2x.png in Resources */ = {isa = PBXBuildFile; fileRef = FBA7F7E41C8D6DED000C8119 /* tab_buddy_press@2x.png */; };
		FBA7F7F21C8D6DED000C8119 /* tab_me_nor@2x.png in Resources */ = {isa = PBXBuildFile; fileRef = FBA7F7E51C8D6DED000C8119 /* tab_me_nor@2x.png */; };
		FBA7F7F31C8D6DED000C8119 /* tab_me_press@2x.png in Resources */ = {isa = PBXBuildFile; fileRef = FBA7F7E61C8D6DED000C8119 /* tab_me_press@2x.png */; };
		FBA7F7F41C8D6DED000C8119 /* tab_qworld_nor@2x.png in Resources */ = {isa = PBXBuildFile; fileRef = FBA7F7E71C8D6DED000C8119 /* tab_qworld_nor@2x.png */; };
		FBA7F7F51C8D6DED000C8119 /* tab_qworld_press@2x.png in Resources */ = {isa = PBXBuildFile; fileRef = FBA7F7E81C8D6DED000C8119 /* tab_qworld_press@2x.png */; };
		FBA7F7F61C8D6DED000C8119 /* tab_recent_nor@2x.png in Resources */ = {isa = PBXBuildFile; fileRef = FBA7F7E91C8D6DED000C8119 /* tab_recent_nor@2x.png */; };
		FBA7F7F71C8D6DED000C8119 /* tab_recent_press@2x.png in Resources */ = {isa = PBXBuildFile; fileRef = FBA7F7EA1C8D6DED000C8119 /* tab_recent_press@2x.png */; };
		FBA7F8331C8D6DF5000C8119 /* ZhTabBarButton.m in Sources */ = {isa = PBXBuildFile; fileRef = FBA7F7FB1C8D6DF5000C8119 /* ZhTabBarButton.m */; };
		FBA7F8341C8D6DF5000C8119 /* Zh1ViewController.m in Sources */ = {isa = PBXBuildFile; fileRef = FBA7F7FE1C8D6DF5000C8119 /* Zh1ViewController.m */; };
		FBA7F8351C8D6DF5000C8119 /* Zh2ViewController.m in Sources */ = {isa = PBXBuildFile; fileRef = FBA7F8001C8D6DF5000C8119 /* Zh2ViewController.m */; };
		FBA7F8361C8D6DF5000C8119 /* Zh3ViewController.m in Sources */ = {isa = PBXBuildFile; fileRef = FBA7F8021C8D6DF5000C8119 /* Zh3ViewController.m */; };
		FBA7F8371C8D6DF5000C8119 /* Zh4ViewController.m in Sources */ = {isa = PBXBuildFile; fileRef = FBA7F8041C8D6DF5000C8119 /* Zh4ViewController.m */; };
		FBA7F8381C8D6DF5000C8119 /* Zh5TableViewController.m in Sources */ = {isa = PBXBuildFile; fileRef = FBA7F8061C8D6DF5000C8119 /* Zh5TableViewController.m */; };
		FBA7F83B1C8D6DF5000C8119 /* MASCompositeConstraint.m in Sources */ = {isa = PBXBuildFile; fileRef = FBA7F80D1C8D6DF5000C8119 /* MASCompositeConstraint.m */; };
		FBA7F83C1C8D6DF5000C8119 /* MASConstraint.m in Sources */ = {isa = PBXBuildFile; fileRef = FBA7F8101C8D6DF5000C8119 /* MASConstraint.m */; };
		FBA7F83D1C8D6DF5000C8119 /* MASConstraintMaker.m in Sources */ = {isa = PBXBuildFile; fileRef = FBA7F8121C8D6DF5000C8119 /* MASConstraintMaker.m */; };
		FBA7F83E1C8D6DF5000C8119 /* MASLayoutConstraint.m in Sources */ = {isa = PBXBuildFile; fileRef = FBA7F8141C8D6DF5000C8119 /* MASLayoutConstraint.m */; };
		FBA7F83F1C8D6DF5000C8119 /* MASViewAttribute.m in Sources */ = {isa = PBXBuildFile; fileRef = FBA7F8181C8D6DF5000C8119 /* MASViewAttribute.m */; };
		FBA7F8401C8D6DF5000C8119 /* MASViewConstraint.m in Sources */ = {isa = PBXBuildFile; fileRef = FBA7F81A1C8D6DF5000C8119 /* MASViewConstraint.m */; };
		FBA7F8411C8D6DF5000C8119 /* NSArray+MASAdditions.m in Sources */ = {isa = PBXBuildFile; fileRef = FBA7F81C1C8D6DF5000C8119 /* NSArray+MASAdditions.m */; };
		FBA7F8421C8D6DF5000C8119 /* NSLayoutConstraint+MASDebugAdditions.m in Sources */ = {isa = PBXBuildFile; fileRef = FBA7F81F1C8D6DF5000C8119 /* NSLayoutConstraint+MASDebugAdditions.m */; };
		FBA7F8431C8D6DF5000C8119 /* View+MASAdditions.m in Sources */ = {isa = PBXBuildFile; fileRef = FBA7F8211C8D6DF5000C8119 /* View+MASAdditions.m */; };
		FBA7F8441C8D6DF5000C8119 /* ViewController+MASAdditions.m in Sources */ = {isa = PBXBuildFile; fileRef = FBA7F8241C8D6DF5000C8119 /* ViewController+MASAdditions.m */; };
		FBA7F8451C8D6DF5000C8119 /* ZhRootViewController.m in Sources */ = {isa = PBXBuildFile; fileRef = FBA7F8271C8D6DF5000C8119 /* ZhRootViewController.m */; };
		FBA7F8471C8D6DF5000C8119 /* MyselfListViewController.m in Sources */ = {isa = PBXBuildFile; fileRef = FBA7F82D1C8D6DF5000C8119 /* MyselfListViewController.m */; };
		FBA7F8481C8D6DF5000C8119 /* ZhTabBarController.m in Sources */ = {isa = PBXBuildFile; fileRef = FBA7F8301C8D6DF5000C8119 /* ZhTabBarController.m */; };
		FBA7F8491C8D6DF5000C8119 /* ZhTabBarView.m in Sources */ = {isa = PBXBuildFile; fileRef = FBA7F8321C8D6DF5000C8119 /* ZhTabBarView.m */; };
		FBC1D69D1CA3D30A00319633 /* ZhRegisterService.m in Sources */ = {isa = PBXBuildFile; fileRef = FBC1D69C1CA3D30A00319633 /* ZhRegisterService.m */; };
/* End PBXBuildFile section */

/* Begin PBXContainerItemProxy section */
		FBA7F7C11C8D6DAB000C8119 /* PBXContainerItemProxy */ = {
			isa = PBXContainerItemProxy;
			containerPortal = FBA7F79F1C8D6DAB000C8119 /* Project object */;
			proxyType = 1;
			remoteGlobalIDString = FBA7F7A61C8D6DAB000C8119;
			remoteInfo = ZhGame;
		};
		FBA7F7CC1C8D6DAB000C8119 /* PBXContainerItemProxy */ = {
			isa = PBXContainerItemProxy;
			containerPortal = FBA7F79F1C8D6DAB000C8119 /* Project object */;
			proxyType = 1;
			remoteGlobalIDString = FBA7F7A61C8D6DAB000C8119;
			remoteInfo = ZhGame;
		};
/* End PBXContainerItemProxy section */

/* Begin PBXFileReference section */
		FB07B74C1C8D8CB200501747 /* MMDrawerBarButtonItem.h */ = {isa = PBXFileReference; fileEncoding = 4; lastKnownFileType = sourcecode.c.h; path = MMDrawerBarButtonItem.h; sourceTree = "<group>"; };
		FB07B74D1C8D8CB200501747 /* MMDrawerBarButtonItem.m */ = {isa = PBXFileReference; fileEncoding = 4; lastKnownFileType = sourcecode.c.objc; path = MMDrawerBarButtonItem.m; sourceTree = "<group>"; };
		FB07B74E1C8D8CB200501747 /* MMDrawerController+Subclass.h */ = {isa = PBXFileReference; fileEncoding = 4; lastKnownFileType = sourcecode.c.h; path = "MMDrawerController+Subclass.h"; sourceTree = "<group>"; };
		FB07B74F1C8D8CB200501747 /* MMDrawerController.h */ = {isa = PBXFileReference; fileEncoding = 4; lastKnownFileType = sourcecode.c.h; path = MMDrawerController.h; sourceTree = "<group>"; };
		FB07B7501C8D8CB200501747 /* MMDrawerController.m */ = {isa = PBXFileReference; fileEncoding = 4; lastKnownFileType = sourcecode.c.objc; path = MMDrawerController.m; sourceTree = "<group>"; };
		FB07B7511C8D8CB200501747 /* MMDrawerVisualState.h */ = {isa = PBXFileReference; fileEncoding = 4; lastKnownFileType = sourcecode.c.h; path = MMDrawerVisualState.h; sourceTree = "<group>"; };
		FB07B7521C8D8CB200501747 /* MMDrawerVisualState.m */ = {isa = PBXFileReference; fileEncoding = 4; lastKnownFileType = sourcecode.c.objc; path = MMDrawerVisualState.m; sourceTree = "<group>"; };
		FB07B7531C8D8CB200501747 /* UIViewController+MMDrawerController.h */ = {isa = PBXFileReference; fileEncoding = 4; lastKnownFileType = sourcecode.c.h; path = "UIViewController+MMDrawerController.h"; sourceTree = "<group>"; };
		FB07B7541C8D8CB200501747 /* UIViewController+MMDrawerController.m */ = {isa = PBXFileReference; fileEncoding = 4; lastKnownFileType = sourcecode.c.objc; path = "UIViewController+MMDrawerController.m"; sourceTree = "<group>"; };
		FB0BC5781C965A840014DA54 /* ZhRegisterViewController.h */ = {isa = PBXFileReference; fileEncoding = 4; lastKnownFileType = sourcecode.c.h; path = ZhRegisterViewController.h; sourceTree = "<group>"; };
		FB0BC5791C965A840014DA54 /* ZhRegisterViewController.m */ = {isa = PBXFileReference; fileEncoding = 4; lastKnownFileType = sourcecode.c.objc; path = ZhRegisterViewController.m; sourceTree = "<group>"; };
		FB0BC5C41C97BAFB0014DA54 /* ASIAuthenticationDialog.h */ = {isa = PBXFileReference; fileEncoding = 4; lastKnownFileType = sourcecode.c.h; path = ASIAuthenticationDialog.h; sourceTree = "<group>"; };
		FB0BC5C51C97BAFB0014DA54 /* ASIAuthenticationDialog.m */ = {isa = PBXFileReference; fileEncoding = 4; lastKnownFileType = sourcecode.c.objc; path = ASIAuthenticationDialog.m; sourceTree = "<group>"; };
		FB0BC5C61C97BAFB0014DA54 /* ASICacheDelegate.h */ = {isa = PBXFileReference; fileEncoding = 4; lastKnownFileType = sourcecode.c.h; path = ASICacheDelegate.h; sourceTree = "<group>"; };
		FB0BC5C71C97BAFB0014DA54 /* ASIDataCompressor.h */ = {isa = PBXFileReference; fileEncoding = 4; lastKnownFileType = sourcecode.c.h; path = ASIDataCompressor.h; sourceTree = "<group>"; };
		FB0BC5C81C97BAFB0014DA54 /* ASIDataCompressor.m */ = {isa = PBXFileReference; fileEncoding = 4; lastKnownFileType = sourcecode.c.objc; path = ASIDataCompressor.m; sourceTree = "<group>"; };
		FB0BC5C91C97BAFB0014DA54 /* ASIDataDecompressor.h */ = {isa = PBXFileReference; fileEncoding = 4; lastKnownFileType = sourcecode.c.h; path = ASIDataDecompressor.h; sourceTree = "<group>"; };
		FB0BC5CA1C97BAFB0014DA54 /* ASIDataDecompressor.m */ = {isa = PBXFileReference; fileEncoding = 4; lastKnownFileType = sourcecode.c.objc; path = ASIDataDecompressor.m; sourceTree = "<group>"; };
		FB0BC5CB1C97BAFB0014DA54 /* ASIDownloadCache.h */ = {isa = PBXFileReference; fileEncoding = 4; lastKnownFileType = sourcecode.c.h; path = ASIDownloadCache.h; sourceTree = "<group>"; };
		FB0BC5CC1C97BAFB0014DA54 /* ASIDownloadCache.m */ = {isa = PBXFileReference; fileEncoding = 4; lastKnownFileType = sourcecode.c.objc; path = ASIDownloadCache.m; sourceTree = "<group>"; };
		FB0BC5CD1C97BAFB0014DA54 /* ASIFormDataRequest.h */ = {isa = PBXFileReference; fileEncoding = 4; lastKnownFileType = sourcecode.c.h; path = ASIFormDataRequest.h; sourceTree = "<group>"; };
		FB0BC5CE1C97BAFB0014DA54 /* ASIFormDataRequest.m */ = {isa = PBXFileReference; fileEncoding = 4; lastKnownFileType = sourcecode.c.objc; path = ASIFormDataRequest.m; sourceTree = "<group>"; };
		FB0BC5CF1C97BAFB0014DA54 /* ASIHTTPRequest.h */ = {isa = PBXFileReference; fileEncoding = 4; lastKnownFileType = sourcecode.c.h; path = ASIHTTPRequest.h; sourceTree = "<group>"; };
		FB0BC5D01C97BAFB0014DA54 /* ASIHTTPRequest.m */ = {isa = PBXFileReference; fileEncoding = 4; lastKnownFileType = sourcecode.c.objc; path = ASIHTTPRequest.m; sourceTree = "<group>"; };
		FB0BC5D11C97BAFB0014DA54 /* ASIHTTPRequestConfig.h */ = {isa = PBXFileReference; fileEncoding = 4; lastKnownFileType = sourcecode.c.h; path = ASIHTTPRequestConfig.h; sourceTree = "<group>"; };
		FB0BC5D21C97BAFB0014DA54 /* ASIHTTPRequestDelegate.h */ = {isa = PBXFileReference; fileEncoding = 4; lastKnownFileType = sourcecode.c.h; path = ASIHTTPRequestDelegate.h; sourceTree = "<group>"; };
		FB0BC5D31C97BAFB0014DA54 /* ASIInputStream.h */ = {isa = PBXFileReference; fileEncoding = 4; lastKnownFileType = sourcecode.c.h; path = ASIInputStream.h; sourceTree = "<group>"; };
		FB0BC5D41C97BAFB0014DA54 /* ASIInputStream.m */ = {isa = PBXFileReference; fileEncoding = 4; lastKnownFileType = sourcecode.c.objc; path = ASIInputStream.m; sourceTree = "<group>"; };
		FB0BC5D51C97BAFB0014DA54 /* ASINetworkQueue.h */ = {isa = PBXFileReference; fileEncoding = 4; lastKnownFileType = sourcecode.c.h; path = ASINetworkQueue.h; sourceTree = "<group>"; };
		FB0BC5D61C97BAFB0014DA54 /* ASINetworkQueue.m */ = {isa = PBXFileReference; fileEncoding = 4; lastKnownFileType = sourcecode.c.objc; path = ASINetworkQueue.m; sourceTree = "<group>"; };
		FB0BC5D71C97BAFB0014DA54 /* ASIProgressDelegate.h */ = {isa = PBXFileReference; fileEncoding = 4; lastKnownFileType = sourcecode.c.h; path = ASIProgressDelegate.h; sourceTree = "<group>"; };
		FB0BC5D81C97BAFB0014DA54 /* Reachability.h */ = {isa = PBXFileReference; fileEncoding = 4; lastKnownFileType = sourcecode.c.h; path = Reachability.h; sourceTree = "<group>"; };
		FB0BC5D91C97BAFB0014DA54 /* Reachability.m */ = {isa = PBXFileReference; fileEncoding = 4; lastKnownFileType = sourcecode.c.objc; path = Reachability.m; sourceTree = "<group>"; };
		FB0BC5E31C97C13B0014DA54 /* CFNetwork.framework */ = {isa = PBXFileReference; lastKnownFileType = wrapper.framework; name = CFNetwork.framework; path = System/Library/Frameworks/CFNetwork.framework; sourceTree = SDKROOT; };
		FB0BC5E51C97C1480014DA54 /* SystemConfiguration.framework */ = {isa = PBXFileReference; lastKnownFileType = wrapper.framework; name = SystemConfiguration.framework; path = System/Library/Frameworks/SystemConfiguration.framework; sourceTree = SDKROOT; };
		FB0BC5E71C97C1510014DA54 /* MobileCoreServices.framework */ = {isa = PBXFileReference; lastKnownFileType = wrapper.framework; name = MobileCoreServices.framework; path = System/Library/Frameworks/MobileCoreServices.framework; sourceTree = SDKROOT; };
		FB0BC5E91C97C1590014DA54 /* CoreGraphics.framework */ = {isa = PBXFileReference; lastKnownFileType = wrapper.framework; name = CoreGraphics.framework; path = System/Library/Frameworks/CoreGraphics.framework; sourceTree = SDKROOT; };
		FB0BC5EC1C97C55C0014DA54 /* libxml2.2.tbd */ = {isa = PBXFileReference; lastKnownFileType = "sourcecode.text-based-dylib-definition"; name = libxml2.2.tbd; path = usr/lib/libxml2.2.tbd; sourceTree = SDKROOT; };
		FB0BC5EE1C97C59A0014DA54 /* libz.tbd */ = {isa = PBXFileReference; lastKnownFileType = "sourcecode.text-based-dylib-definition"; name = libz.tbd; path = usr/lib/libz.tbd; sourceTree = SDKROOT; };
		FB0BC5F51C97D33E0014DA54 /* ZhStringUtils.h */ = {isa = PBXFileReference; fileEncoding = 4; lastKnownFileType = sourcecode.c.h; path = ZhStringUtils.h; sourceTree = "<group>"; };
		FB0BC5F61C97D33E0014DA54 /* ZhStringUtils.m */ = {isa = PBXFileReference; fileEncoding = 4; lastKnownFileType = sourcecode.c.objc; path = ZhStringUtils.m; sourceTree = "<group>"; };
		FB206E3B1C8E77E5009F7681 /* LHCustomModalTransition.h */ = {isa = PBXFileReference; fileEncoding = 4; lastKnownFileType = sourcecode.c.h; path = LHCustomModalTransition.h; sourceTree = "<group>"; };
		FB206E3C1C8E77E5009F7681 /* LHCustomModalTransition.m */ = {isa = PBXFileReference; fileEncoding = 4; lastKnownFileType = sourcecode.c.objc; path = LHCustomModalTransition.m; sourceTree = "<group>"; };
		FB206E3E1C8E80C7009F7681 /* logo.png */ = {isa = PBXFileReference; lastKnownFileType = image.png; path = logo.png; sourceTree = "<group>"; };
		FB206E531C8EA92C009F7681 /* login_regner_phone.png */ = {isa = PBXFileReference; lastKnownFileType = image.png; path = login_regner_phone.png; sourceTree = "<group>"; };
		FB206E541C8EA92C009F7681 /* login_regner_phone@2x.png */ = {isa = PBXFileReference; lastKnownFileType = image.png; path = "login_regner_phone@2x.png"; sourceTree = "<group>"; };
		FB206E571C8EAA8C009F7681 /* pd_sdk_dialog_pwd.png */ = {isa = PBXFileReference; lastKnownFileType = image.png; path = pd_sdk_dialog_pwd.png; sourceTree = "<group>"; };
		FB206E581C8EAA8C009F7681 /* pd_sdk_dialog_pwd@2x.png */ = {isa = PBXFileReference; lastKnownFileType = image.png; path = "pd_sdk_dialog_pwd@2x.png"; sourceTree = "<group>"; };
		FB206E5F1C8EBB4B009F7681 /* ZhAuthUtilViewController.h */ = {isa = PBXFileReference; fileEncoding = 4; lastKnownFileType = sourcecode.c.h; path = ZhAuthUtilViewController.h; sourceTree = "<group>"; };
		FB206E601C8EBB4B009F7681 /* ZhAuthUtilViewController.m */ = {isa = PBXFileReference; fileEncoding = 4; lastKnownFileType = sourcecode.c.objc; path = ZhAuthUtilViewController.m; sourceTree = "<group>"; };
		FB206E671C8EC01B009F7681 /* ZhLoginViewController.h */ = {isa = PBXFileReference; fileEncoding = 4; lastKnownFileType = sourcecode.c.h; path = ZhLoginViewController.h; sourceTree = "<group>"; };
		FB206E681C8EC01B009F7681 /* ZhLoginViewController.m */ = {isa = PBXFileReference; fileEncoding = 4; lastKnownFileType = sourcecode.c.objc; path = ZhLoginViewController.m; sourceTree = "<group>"; };
		FB59BDD51CA3E2C700FD5EFA /* MMHud.h */ = {isa = PBXFileReference; fileEncoding = 4; lastKnownFileType = sourcecode.c.h; path = MMHud.h; sourceTree = "<group>"; };
		FB59BDD61CA3E2C700FD5EFA /* MMHud.m */ = {isa = PBXFileReference; fileEncoding = 4; lastKnownFileType = sourcecode.c.objc; path = MMHud.m; sourceTree = "<group>"; };
		FB59BDD71CA3E2C700FD5EFA /* MMProgressHUD.h */ = {isa = PBXFileReference; fileEncoding = 4; lastKnownFileType = sourcecode.c.h; path = MMProgressHUD.h; sourceTree = "<group>"; };
		FB59BDD81CA3E2C700FD5EFA /* MMProgressHUD.m */ = {isa = PBXFileReference; fileEncoding = 4; lastKnownFileType = sourcecode.c.objc; path = MMProgressHUD.m; sourceTree = "<group>"; };
		FB59BDD91CA3E2C700FD5EFA /* MMProgressHUD+Animations.h */ = {isa = PBXFileReference; fileEncoding = 4; lastKnownFileType = sourcecode.c.h; path = "MMProgressHUD+Animations.h"; sourceTree = "<group>"; };
		FB59BDDA1CA3E2C700FD5EFA /* MMProgressHUD+Animations.m */ = {isa = PBXFileReference; fileEncoding = 4; lastKnownFileType = sourcecode.c.objc; path = "MMProgressHUD+Animations.m"; sourceTree = "<group>"; };
		FB59BDDB1CA3E2C700FD5EFA /* MMProgressHUD+Class.m */ = {isa = PBXFileReference; fileEncoding = 4; lastKnownFileType = sourcecode.c.objc; path = "MMProgressHUD+Class.m"; sourceTree = "<group>"; };
		FB59BDDC1CA3E2C700FD5EFA /* MMProgressHUDOverlayView.h */ = {isa = PBXFileReference; fileEncoding = 4; lastKnownFileType = sourcecode.c.h; path = MMProgressHUDOverlayView.h; sourceTree = "<group>"; };
		FB59BDDD1CA3E2C700FD5EFA /* MMProgressHUDOverlayView.m */ = {isa = PBXFileReference; fileEncoding = 4; lastKnownFileType = sourcecode.c.objc; path = MMProgressHUDOverlayView.m; sourceTree = "<group>"; };
		FB59BDDE1CA3E2C700FD5EFA /* MMProgressHUDViewController.h */ = {isa = PBXFileReference; fileEncoding = 4; lastKnownFileType = sourcecode.c.h; path = MMProgressHUDViewController.h; sourceTree = "<group>"; };
		FB59BDDF1CA3E2C700FD5EFA /* MMProgressHUDViewController.m */ = {isa = PBXFileReference; fileEncoding = 4; lastKnownFileType = sourcecode.c.objc; path = MMProgressHUDViewController.m; sourceTree = "<group>"; };
		FB59BDE01CA3E2C700FD5EFA /* MMProgressHUDWindow.h */ = {isa = PBXFileReference; fileEncoding = 4; lastKnownFileType = sourcecode.c.h; path = MMProgressHUDWindow.h; sourceTree = "<group>"; };
		FB59BDE11CA3E2C700FD5EFA /* MMProgressHUDWindow.m */ = {isa = PBXFileReference; fileEncoding = 4; lastKnownFileType = sourcecode.c.objc; path = MMProgressHUDWindow.m; sourceTree = "<group>"; };
		FB59BDE21CA3E2C700FD5EFA /* MMRadialProgressView.h */ = {isa = PBXFileReference; fileEncoding = 4; lastKnownFileType = sourcecode.c.h; path = MMRadialProgressView.h; sourceTree = "<group>"; };
		FB59BDE31CA3E2C700FD5EFA /* MMRadialProgressView.m */ = {isa = PBXFileReference; fileEncoding = 4; lastKnownFileType = sourcecode.c.objc; path = MMRadialProgressView.m; sourceTree = "<group>"; };
		FB59BDE41CA3E2C700FD5EFA /* MMVectorImage.h */ = {isa = PBXFileReference; fileEncoding = 4; lastKnownFileType = sourcecode.c.h; path = MMVectorImage.h; sourceTree = "<group>"; };
		FB59BDE51CA3E2C700FD5EFA /* MMVectorImage.m */ = {isa = PBXFileReference; fileEncoding = 4; lastKnownFileType = sourcecode.c.objc; path = MMVectorImage.m; sourceTree = "<group>"; };
		FB59BDE61CA3E2C700FD5EFA /* MSKeyBoardManager.h */ = {isa = PBXFileReference; fileEncoding = 4; lastKnownFileType = sourcecode.c.h; path = MSKeyBoardManager.h; sourceTree = "<group>"; };
		FB59BDE71CA3E2C700FD5EFA /* MSKeyBoardManager.m */ = {isa = PBXFileReference; fileEncoding = 4; lastKnownFileType = sourcecode.c.objc; path = MSKeyBoardManager.m; sourceTree = "<group>"; };
		FB59BDF31CA3ED4E00FD5EFA /* NSObject+SBJson.h */ = {isa = PBXFileReference; fileEncoding = 4; lastKnownFileType = sourcecode.c.h; path = "NSObject+SBJson.h"; sourceTree = "<group>"; };
		FB59BDF41CA3ED4E00FD5EFA /* NSObject+SBJson.m */ = {isa = PBXFileReference; fileEncoding = 4; lastKnownFileType = sourcecode.c.objc; path = "NSObject+SBJson.m"; sourceTree = "<group>"; };
		FB59BDF51CA3ED4E00FD5EFA /* SBJson.h */ = {isa = PBXFileReference; fileEncoding = 4; lastKnownFileType = sourcecode.c.h; path = SBJson.h; sourceTree = "<group>"; };
		FB59BDF61CA3ED4E00FD5EFA /* SBJsonParser.h */ = {isa = PBXFileReference; fileEncoding = 4; lastKnownFileType = sourcecode.c.h; path = SBJsonParser.h; sourceTree = "<group>"; };
		FB59BDF71CA3ED4E00FD5EFA /* SBJsonParser.m */ = {isa = PBXFileReference; fileEncoding = 4; lastKnownFileType = sourcecode.c.objc; path = SBJsonParser.m; sourceTree = "<group>"; };
		FB59BDF81CA3ED4E00FD5EFA /* SBJsonStreamParser.h */ = {isa = PBXFileReference; fileEncoding = 4; lastKnownFileType = sourcecode.c.h; path = SBJsonStreamParser.h; sourceTree = "<group>"; };
		FB59BDF91CA3ED4E00FD5EFA /* SBJsonStreamParser.m */ = {isa = PBXFileReference; fileEncoding = 4; lastKnownFileType = sourcecode.c.objc; path = SBJsonStreamParser.m; sourceTree = "<group>"; };
		FB59BDFA1CA3ED4E00FD5EFA /* SBJsonStreamParserAccumulator.h */ = {isa = PBXFileReference; fileEncoding = 4; lastKnownFileType = sourcecode.c.h; path = SBJsonStreamParserAccumulator.h; sourceTree = "<group>"; };
		FB59BDFB1CA3ED4E00FD5EFA /* SBJsonStreamParserAccumulator.m */ = {isa = PBXFileReference; fileEncoding = 4; lastKnownFileType = sourcecode.c.objc; path = SBJsonStreamParserAccumulator.m; sourceTree = "<group>"; };
		FB59BDFC1CA3ED4E00FD5EFA /* SBJsonStreamParserAdapter.h */ = {isa = PBXFileReference; fileEncoding = 4; lastKnownFileType = sourcecode.c.h; path = SBJsonStreamParserAdapter.h; sourceTree = "<group>"; };
		FB59BDFD1CA3ED4E00FD5EFA /* SBJsonStreamParserAdapter.m */ = {isa = PBXFileReference; fileEncoding = 4; lastKnownFileType = sourcecode.c.objc; path = SBJsonStreamParserAdapter.m; sourceTree = "<group>"; };
		FB59BDFE1CA3ED4E00FD5EFA /* SBJsonStreamParserState.h */ = {isa = PBXFileReference; fileEncoding = 4; lastKnownFileType = sourcecode.c.h; path = SBJsonStreamParserState.h; sourceTree = "<group>"; };
		FB59BDFF1CA3ED4E00FD5EFA /* SBJsonStreamParserState.m */ = {isa = PBXFileReference; fileEncoding = 4; lastKnownFileType = sourcecode.c.objc; path = SBJsonStreamParserState.m; sourceTree = "<group>"; };
		FB59BE001CA3ED4E00FD5EFA /* SBJsonStreamWriter.h */ = {isa = PBXFileReference; fileEncoding = 4; lastKnownFileType = sourcecode.c.h; path = SBJsonStreamWriter.h; sourceTree = "<group>"; };
		FB59BE011CA3ED4E00FD5EFA /* SBJsonStreamWriter.m */ = {isa = PBXFileReference; fileEncoding = 4; lastKnownFileType = sourcecode.c.objc; path = SBJsonStreamWriter.m; sourceTree = "<group>"; };
		FB59BE021CA3ED4E00FD5EFA /* SBJsonStreamWriterAccumulator.h */ = {isa = PBXFileReference; fileEncoding = 4; lastKnownFileType = sourcecode.c.h; path = SBJsonStreamWriterAccumulator.h; sourceTree = "<group>"; };
		FB59BE031CA3ED4E00FD5EFA /* SBJsonStreamWriterAccumulator.m */ = {isa = PBXFileReference; fileEncoding = 4; lastKnownFileType = sourcecode.c.objc; path = SBJsonStreamWriterAccumulator.m; sourceTree = "<group>"; };
		FB59BE041CA3ED4E00FD5EFA /* SBJsonStreamWriterState.h */ = {isa = PBXFileReference; fileEncoding = 4; lastKnownFileType = sourcecode.c.h; path = SBJsonStreamWriterState.h; sourceTree = "<group>"; };
		FB59BE051CA3ED4E00FD5EFA /* SBJsonStreamWriterState.m */ = {isa = PBXFileReference; fileEncoding = 4; lastKnownFileType = sourcecode.c.objc; path = SBJsonStreamWriterState.m; sourceTree = "<group>"; };
		FB59BE061CA3ED4E00FD5EFA /* SBJsonTokeniser.h */ = {isa = PBXFileReference; fileEncoding = 4; lastKnownFileType = sourcecode.c.h; path = SBJsonTokeniser.h; sourceTree = "<group>"; };
		FB59BE071CA3ED4E00FD5EFA /* SBJsonTokeniser.m */ = {isa = PBXFileReference; fileEncoding = 4; lastKnownFileType = sourcecode.c.objc; path = SBJsonTokeniser.m; sourceTree = "<group>"; };
		FB59BE081CA3ED4E00FD5EFA /* SBJsonUTF8Stream.h */ = {isa = PBXFileReference; fileEncoding = 4; lastKnownFileType = sourcecode.c.h; path = SBJsonUTF8Stream.h; sourceTree = "<group>"; };
		FB59BE091CA3ED4E00FD5EFA /* SBJsonUTF8Stream.m */ = {isa = PBXFileReference; fileEncoding = 4; lastKnownFileType = sourcecode.c.objc; path = SBJsonUTF8Stream.m; sourceTree = "<group>"; };
		FB59BE0A1CA3ED4E00FD5EFA /* SBJsonWriter.h */ = {isa = PBXFileReference; fileEncoding = 4; lastKnownFileType = sourcecode.c.h; path = SBJsonWriter.h; sourceTree = "<group>"; };
		FB59BE0B1CA3ED4E00FD5EFA /* SBJsonWriter.m */ = {isa = PBXFileReference; fileEncoding = 4; lastKnownFileType = sourcecode.c.objc; path = SBJsonWriter.m; sourceTree = "<group>"; };
		FB59BE1C1CA3EE4B00FD5EFA /* ZhPublicDef.h */ = {isa = PBXFileReference; fileEncoding = 4; lastKnownFileType = sourcecode.c.h; path = ZhPublicDef.h; sourceTree = "<group>"; };
		FB59BE1D1CA3EE4B00FD5EFA /* ZhPublicDef.m */ = {isa = PBXFileReference; fileEncoding = 4; lastKnownFileType = sourcecode.c.objc; path = ZhPublicDef.m; sourceTree = "<group>"; };
		FB6B57FF1CA92CCC005B06C0 /* ZhUserInfoView.h */ = {isa = PBXFileReference; fileEncoding = 4; lastKnownFileType = sourcecode.c.h; path = ZhUserInfoView.h; sourceTree = "<group>"; };
		FB6B58001CA92CCC005B06C0 /* ZhUserInfoView.m */ = {isa = PBXFileReference; fileEncoding = 4; lastKnownFileType = sourcecode.c.objc; path = ZhUserInfoView.m; sourceTree = "<group>"; };
		FB6B58061CA9391B005B06C0 /* ZhMyselfService.h */ = {isa = PBXFileReference; fileEncoding = 4; lastKnownFileType = sourcecode.c.h; path = ZhMyselfService.h; sourceTree = "<group>"; };
		FB6B58071CA9391B005B06C0 /* ZhMyselfService.m */ = {isa = PBXFileReference; fileEncoding = 4; lastKnownFileType = sourcecode.c.objc; path = ZhMyselfService.m; sourceTree = "<group>"; };
		FBA7F7A71C8D6DAB000C8119 /* ZhGame.app */ = {isa = PBXFileReference; explicitFileType = wrapper.application; includeInIndex = 0; path = ZhGame.app; sourceTree = BUILT_PRODUCTS_DIR; };
		FBA7F7AB1C8D6DAB000C8119 /* main.m */ = {isa = PBXFileReference; lastKnownFileType = sourcecode.c.objc; path = main.m; sourceTree = "<group>"; };
		FBA7F7AD1C8D6DAB000C8119 /* AppDelegate.h */ = {isa = PBXFileReference; lastKnownFileType = sourcecode.c.h; path = AppDelegate.h; sourceTree = "<group>"; };
		FBA7F7AE1C8D6DAB000C8119 /* AppDelegate.m */ = {isa = PBXFileReference; lastKnownFileType = sourcecode.c.objc; path = AppDelegate.m; sourceTree = "<group>"; };
		FBA7F7B01C8D6DAB000C8119 /* ViewController.h */ = {isa = PBXFileReference; lastKnownFileType = sourcecode.c.h; path = ViewController.h; sourceTree = "<group>"; };
		FBA7F7B11C8D6DAB000C8119 /* ViewController.m */ = {isa = PBXFileReference; lastKnownFileType = sourcecode.c.objc; path = ViewController.m; sourceTree = "<group>"; };
		FBA7F7B41C8D6DAB000C8119 /* Base */ = {isa = PBXFileReference; lastKnownFileType = file.storyboard; name = Base; path = Base.lproj/Main.storyboard; sourceTree = "<group>"; };
		FBA7F7B61C8D6DAB000C8119 /* Assets.xcassets */ = {isa = PBXFileReference; lastKnownFileType = folder.assetcatalog; path = Assets.xcassets; sourceTree = "<group>"; };
		FBA7F7B91C8D6DAB000C8119 /* Base */ = {isa = PBXFileReference; lastKnownFileType = file.storyboard; name = Base; path = Base.lproj/LaunchScreen.storyboard; sourceTree = "<group>"; };
		FBA7F7BB1C8D6DAB000C8119 /* Info.plist */ = {isa = PBXFileReference; lastKnownFileType = text.plist.xml; path = Info.plist; sourceTree = "<group>"; };
		FBA7F7C01C8D6DAB000C8119 /* ZhGameTests.xctest */ = {isa = PBXFileReference; explicitFileType = wrapper.cfbundle; includeInIndex = 0; path = ZhGameTests.xctest; sourceTree = BUILT_PRODUCTS_DIR; };
		FBA7F7C41C8D6DAB000C8119 /* ZhGameTests.m */ = {isa = PBXFileReference; lastKnownFileType = sourcecode.c.objc; path = ZhGameTests.m; sourceTree = "<group>"; };
		FBA7F7C61C8D6DAB000C8119 /* Info.plist */ = {isa = PBXFileReference; lastKnownFileType = text.plist.xml; path = Info.plist; sourceTree = "<group>"; };
		FBA7F7CB1C8D6DAB000C8119 /* ZhGameUITests.xctest */ = {isa = PBXFileReference; explicitFileType = wrapper.cfbundle; includeInIndex = 0; path = ZhGameUITests.xctest; sourceTree = BUILT_PRODUCTS_DIR; };
		FBA7F7CF1C8D6DAB000C8119 /* ZhGameUITests.m */ = {isa = PBXFileReference; lastKnownFileType = sourcecode.c.objc; path = ZhGameUITests.m; sourceTree = "<group>"; };
		FBA7F7D11C8D6DAB000C8119 /* Info.plist */ = {isa = PBXFileReference; lastKnownFileType = text.plist.xml; path = Info.plist; sourceTree = "<group>"; };
		FBA7F7DE1C8D6DED000C8119 /* addMore.png */ = {isa = PBXFileReference; lastKnownFileType = image.png; path = addMore.png; sourceTree = "<group>"; };
		FBA7F7DF1C8D6DED000C8119 /* btn_release@2x.png */ = {isa = PBXFileReference; lastKnownFileType = image.png; path = "btn_release@2x.png"; sourceTree = "<group>"; };
		FBA7F7E01C8D6DED000C8119 /* btn_release@3x.png */ = {isa = PBXFileReference; lastKnownFileType = image.png; path = "btn_release@3x.png"; sourceTree = "<group>"; };
		FBA7F7E11C8D6DED000C8119 /* choose.png */ = {isa = PBXFileReference; lastKnownFileType = image.png; path = choose.png; sourceTree = "<group>"; };
		FBA7F7E31C8D6DED000C8119 /* tab_buddy_nor@2x.png */ = {isa = PBXFileReference; lastKnownFileType = image.png; path = "tab_buddy_nor@2x.png"; sourceTree = "<group>"; };
		FBA7F7E41C8D6DED000C8119 /* tab_buddy_press@2x.png */ = {isa = PBXFileReference; lastKnownFileType = image.png; path = "tab_buddy_press@2x.png"; sourceTree = "<group>"; };
		FBA7F7E51C8D6DED000C8119 /* tab_me_nor@2x.png */ = {isa = PBXFileReference; lastKnownFileType = image.png; path = "tab_me_nor@2x.png"; sourceTree = "<group>"; };
		FBA7F7E61C8D6DED000C8119 /* tab_me_press@2x.png */ = {isa = PBXFileReference; lastKnownFileType = image.png; path = "tab_me_press@2x.png"; sourceTree = "<group>"; };
		FBA7F7E71C8D6DED000C8119 /* tab_qworld_nor@2x.png */ = {isa = PBXFileReference; lastKnownFileType = image.png; path = "tab_qworld_nor@2x.png"; sourceTree = "<group>"; };
		FBA7F7E81C8D6DED000C8119 /* tab_qworld_press@2x.png */ = {isa = PBXFileReference; lastKnownFileType = image.png; path = "tab_qworld_press@2x.png"; sourceTree = "<group>"; };
		FBA7F7E91C8D6DED000C8119 /* tab_recent_nor@2x.png */ = {isa = PBXFileReference; lastKnownFileType = image.png; path = "tab_recent_nor@2x.png"; sourceTree = "<group>"; };
		FBA7F7EA1C8D6DED000C8119 /* tab_recent_press@2x.png */ = {isa = PBXFileReference; lastKnownFileType = image.png; path = "tab_recent_press@2x.png"; sourceTree = "<group>"; };
		FBA7F7FA1C8D6DF5000C8119 /* ZhTabBarButton.h */ = {isa = PBXFileReference; fileEncoding = 4; lastKnownFileType = sourcecode.c.h; path = ZhTabBarButton.h; sourceTree = "<group>"; };
		FBA7F7FB1C8D6DF5000C8119 /* ZhTabBarButton.m */ = {isa = PBXFileReference; fileEncoding = 4; lastKnownFileType = sourcecode.c.objc; path = ZhTabBarButton.m; sourceTree = "<group>"; };
		FBA7F7FD1C8D6DF5000C8119 /* Zh1ViewController.h */ = {isa = PBXFileReference; fileEncoding = 4; lastKnownFileType = sourcecode.c.h; path = Zh1ViewController.h; sourceTree = "<group>"; };
		FBA7F7FE1C8D6DF5000C8119 /* Zh1ViewController.m */ = {isa = PBXFileReference; fileEncoding = 4; lastKnownFileType = sourcecode.c.objc; path = Zh1ViewController.m; sourceTree = "<group>"; };
		FBA7F7FF1C8D6DF5000C8119 /* Zh2ViewController.h */ = {isa = PBXFileReference; fileEncoding = 4; lastKnownFileType = sourcecode.c.h; path = Zh2ViewController.h; sourceTree = "<group>"; };
		FBA7F8001C8D6DF5000C8119 /* Zh2ViewController.m */ = {isa = PBXFileReference; fileEncoding = 4; lastKnownFileType = sourcecode.c.objc; path = Zh2ViewController.m; sourceTree = "<group>"; };
		FBA7F8011C8D6DF5000C8119 /* Zh3ViewController.h */ = {isa = PBXFileReference; fileEncoding = 4; lastKnownFileType = sourcecode.c.h; path = Zh3ViewController.h; sourceTree = "<group>"; };
		FBA7F8021C8D6DF5000C8119 /* Zh3ViewController.m */ = {isa = PBXFileReference; fileEncoding = 4; lastKnownFileType = sourcecode.c.objc; path = Zh3ViewController.m; sourceTree = "<group>"; };
		FBA7F8031C8D6DF5000C8119 /* Zh4ViewController.h */ = {isa = PBXFileReference; fileEncoding = 4; lastKnownFileType = sourcecode.c.h; path = Zh4ViewController.h; sourceTree = "<group>"; };
		FBA7F8041C8D6DF5000C8119 /* Zh4ViewController.m */ = {isa = PBXFileReference; fileEncoding = 4; lastKnownFileType = sourcecode.c.objc; path = Zh4ViewController.m; sourceTree = "<group>"; };
		FBA7F8051C8D6DF5000C8119 /* Zh5TableViewController.h */ = {isa = PBXFileReference; fileEncoding = 4; lastKnownFileType = sourcecode.c.h; path = Zh5TableViewController.h; sourceTree = "<group>"; };
		FBA7F8061C8D6DF5000C8119 /* Zh5TableViewController.m */ = {isa = PBXFileReference; fileEncoding = 4; lastKnownFileType = sourcecode.c.objc; path = Zh5TableViewController.m; sourceTree = "<group>"; };
		FBA7F80C1C8D6DF5000C8119 /* MASCompositeConstraint.h */ = {isa = PBXFileReference; fileEncoding = 4; lastKnownFileType = sourcecode.c.h; path = MASCompositeConstraint.h; sourceTree = "<group>"; };
		FBA7F80D1C8D6DF5000C8119 /* MASCompositeConstraint.m */ = {isa = PBXFileReference; fileEncoding = 4; lastKnownFileType = sourcecode.c.objc; path = MASCompositeConstraint.m; sourceTree = "<group>"; };
		FBA7F80E1C8D6DF5000C8119 /* MASConstraint+Private.h */ = {isa = PBXFileReference; fileEncoding = 4; lastKnownFileType = sourcecode.c.h; path = "MASConstraint+Private.h"; sourceTree = "<group>"; };
		FBA7F80F1C8D6DF5000C8119 /* MASConstraint.h */ = {isa = PBXFileReference; fileEncoding = 4; lastKnownFileType = sourcecode.c.h; path = MASConstraint.h; sourceTree = "<group>"; };
		FBA7F8101C8D6DF5000C8119 /* MASConstraint.m */ = {isa = PBXFileReference; fileEncoding = 4; lastKnownFileType = sourcecode.c.objc; path = MASConstraint.m; sourceTree = "<group>"; };
		FBA7F8111C8D6DF5000C8119 /* MASConstraintMaker.h */ = {isa = PBXFileReference; fileEncoding = 4; lastKnownFileType = sourcecode.c.h; path = MASConstraintMaker.h; sourceTree = "<group>"; };
		FBA7F8121C8D6DF5000C8119 /* MASConstraintMaker.m */ = {isa = PBXFileReference; fileEncoding = 4; lastKnownFileType = sourcecode.c.objc; path = MASConstraintMaker.m; sourceTree = "<group>"; };
		FBA7F8131C8D6DF5000C8119 /* MASLayoutConstraint.h */ = {isa = PBXFileReference; fileEncoding = 4; lastKnownFileType = sourcecode.c.h; path = MASLayoutConstraint.h; sourceTree = "<group>"; };
		FBA7F8141C8D6DF5000C8119 /* MASLayoutConstraint.m */ = {isa = PBXFileReference; fileEncoding = 4; lastKnownFileType = sourcecode.c.objc; path = MASLayoutConstraint.m; sourceTree = "<group>"; };
		FBA7F8151C8D6DF5000C8119 /* Masonry.h */ = {isa = PBXFileReference; fileEncoding = 4; lastKnownFileType = sourcecode.c.h; path = Masonry.h; sourceTree = "<group>"; };
		FBA7F8161C8D6DF5000C8119 /* MASUtilities.h */ = {isa = PBXFileReference; fileEncoding = 4; lastKnownFileType = sourcecode.c.h; path = MASUtilities.h; sourceTree = "<group>"; };
		FBA7F8171C8D6DF5000C8119 /* MASViewAttribute.h */ = {isa = PBXFileReference; fileEncoding = 4; lastKnownFileType = sourcecode.c.h; path = MASViewAttribute.h; sourceTree = "<group>"; };
		FBA7F8181C8D6DF5000C8119 /* MASViewAttribute.m */ = {isa = PBXFileReference; fileEncoding = 4; lastKnownFileType = sourcecode.c.objc; path = MASViewAttribute.m; sourceTree = "<group>"; };
		FBA7F8191C8D6DF5000C8119 /* MASViewConstraint.h */ = {isa = PBXFileReference; fileEncoding = 4; lastKnownFileType = sourcecode.c.h; path = MASViewConstraint.h; sourceTree = "<group>"; };
		FBA7F81A1C8D6DF5000C8119 /* MASViewConstraint.m */ = {isa = PBXFileReference; fileEncoding = 4; lastKnownFileType = sourcecode.c.objc; path = MASViewConstraint.m; sourceTree = "<group>"; };
		FBA7F81B1C8D6DF5000C8119 /* NSArray+MASAdditions.h */ = {isa = PBXFileReference; fileEncoding = 4; lastKnownFileType = sourcecode.c.h; path = "NSArray+MASAdditions.h"; sourceTree = "<group>"; };
		FBA7F81C1C8D6DF5000C8119 /* NSArray+MASAdditions.m */ = {isa = PBXFileReference; fileEncoding = 4; lastKnownFileType = sourcecode.c.objc; path = "NSArray+MASAdditions.m"; sourceTree = "<group>"; };
		FBA7F81D1C8D6DF5000C8119 /* NSArray+MASShorthandAdditions.h */ = {isa = PBXFileReference; fileEncoding = 4; lastKnownFileType = sourcecode.c.h; path = "NSArray+MASShorthandAdditions.h"; sourceTree = "<group>"; };
		FBA7F81E1C8D6DF5000C8119 /* NSLayoutConstraint+MASDebugAdditions.h */ = {isa = PBXFileReference; fileEncoding = 4; lastKnownFileType = sourcecode.c.h; path = "NSLayoutConstraint+MASDebugAdditions.h"; sourceTree = "<group>"; };
		FBA7F81F1C8D6DF5000C8119 /* NSLayoutConstraint+MASDebugAdditions.m */ = {isa = PBXFileReference; fileEncoding = 4; lastKnownFileType = sourcecode.c.objc; path = "NSLayoutConstraint+MASDebugAdditions.m"; sourceTree = "<group>"; };
		FBA7F8201C8D6DF5000C8119 /* View+MASAdditions.h */ = {isa = PBXFileReference; fileEncoding = 4; lastKnownFileType = sourcecode.c.h; path = "View+MASAdditions.h"; sourceTree = "<group>"; };
		FBA7F8211C8D6DF5000C8119 /* View+MASAdditions.m */ = {isa = PBXFileReference; fileEncoding = 4; lastKnownFileType = sourcecode.c.objc; path = "View+MASAdditions.m"; sourceTree = "<group>"; };
		FBA7F8221C8D6DF5000C8119 /* View+MASShorthandAdditions.h */ = {isa = PBXFileReference; fileEncoding = 4; lastKnownFileType = sourcecode.c.h; path = "View+MASShorthandAdditions.h"; sourceTree = "<group>"; };
		FBA7F8231C8D6DF5000C8119 /* ViewController+MASAdditions.h */ = {isa = PBXFileReference; fileEncoding = 4; lastKnownFileType = sourcecode.c.h; path = "ViewController+MASAdditions.h"; sourceTree = "<group>"; };
		FBA7F8241C8D6DF5000C8119 /* ViewController+MASAdditions.m */ = {isa = PBXFileReference; fileEncoding = 4; lastKnownFileType = sourcecode.c.objc; path = "ViewController+MASAdditions.m"; sourceTree = "<group>"; };
		FBA7F8261C8D6DF5000C8119 /* ZhRootViewController.h */ = {isa = PBXFileReference; fileEncoding = 4; lastKnownFileType = sourcecode.c.h; path = ZhRootViewController.h; sourceTree = "<group>"; };
		FBA7F8271C8D6DF5000C8119 /* ZhRootViewController.m */ = {isa = PBXFileReference; fileEncoding = 4; lastKnownFileType = sourcecode.c.objc; path = ZhRootViewController.m; sourceTree = "<group>"; };
		FBA7F82C1C8D6DF5000C8119 /* MyselfListViewController.h */ = {isa = PBXFileReference; fileEncoding = 4; lastKnownFileType = sourcecode.c.h; path = MyselfListViewController.h; sourceTree = "<group>"; };
		FBA7F82D1C8D6DF5000C8119 /* MyselfListViewController.m */ = {isa = PBXFileReference; fileEncoding = 4; lastKnownFileType = sourcecode.c.objc; path = MyselfListViewController.m; sourceTree = "<group>"; };
		FBA7F82F1C8D6DF5000C8119 /* ZhTabBarController.h */ = {isa = PBXFileReference; fileEncoding = 4; lastKnownFileType = sourcecode.c.h; path = ZhTabBarController.h; sourceTree = "<group>"; };
		FBA7F8301C8D6DF5000C8119 /* ZhTabBarController.m */ = {isa = PBXFileReference; fileEncoding = 4; lastKnownFileType = sourcecode.c.objc; path = ZhTabBarController.m; sourceTree = "<group>"; };
		FBA7F8311C8D6DF5000C8119 /* ZhTabBarView.h */ = {isa = PBXFileReference; fileEncoding = 4; lastKnownFileType = sourcecode.c.h; path = ZhTabBarView.h; sourceTree = "<group>"; };
		FBA7F8321C8D6DF5000C8119 /* ZhTabBarView.m */ = {isa = PBXFileReference; fileEncoding = 4; lastKnownFileType = sourcecode.c.objc; path = ZhTabBarView.m; sourceTree = "<group>"; };
		FBC1D69B1CA3D30A00319633 /* ZhRegisterService.h */ = {isa = PBXFileReference; fileEncoding = 4; lastKnownFileType = sourcecode.c.h; path = ZhRegisterService.h; sourceTree = "<group>"; };
		FBC1D69C1CA3D30A00319633 /* ZhRegisterService.m */ = {isa = PBXFileReference; fileEncoding = 4; lastKnownFileType = sourcecode.c.objc; path = ZhRegisterService.m; sourceTree = "<group>"; };
/* End PBXFileReference section */

/* Begin PBXFrameworksBuildPhase section */
		FBA7F7A41C8D6DAB000C8119 /* Frameworks */ = {
			isa = PBXFrameworksBuildPhase;
			buildActionMask = 2147483647;
			files = (
				FB0BC5EF1C97C59A0014DA54 /* libz.tbd in Frameworks */,
				FB0BC5ED1C97C55C0014DA54 /* libxml2.2.tbd in Frameworks */,
				FB0BC5EA1C97C1590014DA54 /* CoreGraphics.framework in Frameworks */,
				FB0BC5E81C97C1510014DA54 /* MobileCoreServices.framework in Frameworks */,
				FB0BC5E61C97C1480014DA54 /* SystemConfiguration.framework in Frameworks */,
				FB0BC5E41C97C13B0014DA54 /* CFNetwork.framework in Frameworks */,
			);
			runOnlyForDeploymentPostprocessing = 0;
		};
		FBA7F7BD1C8D6DAB000C8119 /* Frameworks */ = {
			isa = PBXFrameworksBuildPhase;
			buildActionMask = 2147483647;
			files = (
			);
			runOnlyForDeploymentPostprocessing = 0;
		};
		FBA7F7C81C8D6DAB000C8119 /* Frameworks */ = {
			isa = PBXFrameworksBuildPhase;
			buildActionMask = 2147483647;
			files = (
			);
			runOnlyForDeploymentPostprocessing = 0;
		};
/* End PBXFrameworksBuildPhase section */

/* Begin PBXGroup section */
		FB07B74A1C8D8CB200501747 /* ThirdLib */ = {
			isa = PBXGroup;
			children = (
				FB59BDF21CA3ED4E00FD5EFA /* SBJson */,
				FB59BDB41CA3DF7300FD5EFA /* HD */,
				FB0BC5C31C97BAFB0014DA54 /* ASIHTTP */,
				FB206E3A1C8E77E5009F7681 /* LHDragableModalTransition */,
				FB07B74B1C8D8CB200501747 /* MMDrawerController */,
			);
			name = ThirdLib;
			path = ZhGame/ThirdLib;
			sourceTree = "<group>";
		};
		FB07B74B1C8D8CB200501747 /* MMDrawerController */ = {
			isa = PBXGroup;
			children = (
				FB07B74C1C8D8CB200501747 /* MMDrawerBarButtonItem.h */,
				FB07B74D1C8D8CB200501747 /* MMDrawerBarButtonItem.m */,
				FB07B74E1C8D8CB200501747 /* MMDrawerController+Subclass.h */,
				FB07B74F1C8D8CB200501747 /* MMDrawerController.h */,
				FB07B7501C8D8CB200501747 /* MMDrawerController.m */,
				FB07B7511C8D8CB200501747 /* MMDrawerVisualState.h */,
				FB07B7521C8D8CB200501747 /* MMDrawerVisualState.m */,
				FB07B7531C8D8CB200501747 /* UIViewController+MMDrawerController.h */,
				FB07B7541C8D8CB200501747 /* UIViewController+MMDrawerController.m */,
			);
			path = MMDrawerController;
			sourceTree = "<group>";
		};
		FB0BC5771C965A700014DA54 /* Register(注册界面） */ = {
			isa = PBXGroup;
			children = (
				FB0BC5781C965A840014DA54 /* ZhRegisterViewController.h */,
				FB0BC5791C965A840014DA54 /* ZhRegisterViewController.m */,
				FBC1D69B1CA3D30A00319633 /* ZhRegisterService.h */,
				FBC1D69C1CA3D30A00319633 /* ZhRegisterService.m */,
			);
			path = "Register(注册界面）";
			sourceTree = "<group>";
		};
		FB0BC5C31C97BAFB0014DA54 /* ASIHTTP */ = {
			isa = PBXGroup;
			children = (
				FB0BC5C41C97BAFB0014DA54 /* ASIAuthenticationDialog.h */,
				FB0BC5C51C97BAFB0014DA54 /* ASIAuthenticationDialog.m */,
				FB0BC5C61C97BAFB0014DA54 /* ASICacheDelegate.h */,
				FB0BC5C71C97BAFB0014DA54 /* ASIDataCompressor.h */,
				FB0BC5C81C97BAFB0014DA54 /* ASIDataCompressor.m */,
				FB0BC5C91C97BAFB0014DA54 /* ASIDataDecompressor.h */,
				FB0BC5CA1C97BAFB0014DA54 /* ASIDataDecompressor.m */,
				FB0BC5CB1C97BAFB0014DA54 /* ASIDownloadCache.h */,
				FB0BC5CC1C97BAFB0014DA54 /* ASIDownloadCache.m */,
				FB0BC5CD1C97BAFB0014DA54 /* ASIFormDataRequest.h */,
				FB0BC5CE1C97BAFB0014DA54 /* ASIFormDataRequest.m */,
				FB0BC5CF1C97BAFB0014DA54 /* ASIHTTPRequest.h */,
				FB0BC5D01C97BAFB0014DA54 /* ASIHTTPRequest.m */,
				FB0BC5D11C97BAFB0014DA54 /* ASIHTTPRequestConfig.h */,
				FB0BC5D21C97BAFB0014DA54 /* ASIHTTPRequestDelegate.h */,
				FB0BC5D31C97BAFB0014DA54 /* ASIInputStream.h */,
				FB0BC5D41C97BAFB0014DA54 /* ASIInputStream.m */,
				FB0BC5D51C97BAFB0014DA54 /* ASINetworkQueue.h */,
				FB0BC5D61C97BAFB0014DA54 /* ASINetworkQueue.m */,
				FB0BC5D71C97BAFB0014DA54 /* ASIProgressDelegate.h */,
				FB0BC5D81C97BAFB0014DA54 /* Reachability.h */,
				FB0BC5D91C97BAFB0014DA54 /* Reachability.m */,
			);
			path = ASIHTTP;
			sourceTree = "<group>";
		};
		FB0BC5F31C97D2E70014DA54 /* Utils */ = {
			isa = PBXGroup;
			children = (
				FB0BC5F51C97D33E0014DA54 /* ZhStringUtils.h */,
				FB0BC5F61C97D33E0014DA54 /* ZhStringUtils.m */,
			);
			name = Utils;
			path = ZhGame/Utils;
			sourceTree = "<group>";
		};
		FB0BC5F41C97D3060014DA54 /* Framework */ = {
			isa = PBXGroup;
			children = (
				FB0BC5EE1C97C59A0014DA54 /* libz.tbd */,
				FB0BC5EC1C97C55C0014DA54 /* libxml2.2.tbd */,
				FB0BC5E91C97C1590014DA54 /* CoreGraphics.framework */,
				FB0BC5E71C97C1510014DA54 /* MobileCoreServices.framework */,
				FB0BC5E51C97C1480014DA54 /* SystemConfiguration.framework */,
				FB0BC5E31C97C13B0014DA54 /* CFNetwork.framework */,
			);
			name = Framework;
			sourceTree = "<group>";
		};
		FB206E361C8E7358009F7681 /* Auth(登陆|注册) */ = {
			isa = PBXGroup;
			children = (
				FB0BC5771C965A700014DA54 /* Register(注册界面） */,
				FB206E661C8EC01B009F7681 /* Login(登陆界面) */,
				FB206E5E1C8EBB4B009F7681 /* Utils(基础控件类) */,
			);
			path = "Auth(登陆|注册)";
			sourceTree = "<group>";
		};
		FB206E3A1C8E77E5009F7681 /* LHDragableModalTransition */ = {
			isa = PBXGroup;
			children = (
				FB206E3B1C8E77E5009F7681 /* LHCustomModalTransition.h */,
				FB206E3C1C8E77E5009F7681 /* LHCustomModalTransition.m */,
			);
			path = LHDragableModalTransition;
			sourceTree = "<group>";
		};
		FB206E5E1C8EBB4B009F7681 /* Utils(基础控件类) */ = {
			isa = PBXGroup;
			children = (
				FB206E5F1C8EBB4B009F7681 /* ZhAuthUtilViewController.h */,
				FB206E601C8EBB4B009F7681 /* ZhAuthUtilViewController.m */,
			);
			path = "Utils(基础控件类)";
			sourceTree = "<group>";
		};
		FB206E661C8EC01B009F7681 /* Login(登陆界面) */ = {
			isa = PBXGroup;
			children = (
				FB206E671C8EC01B009F7681 /* ZhLoginViewController.h */,
				FB206E681C8EC01B009F7681 /* ZhLoginViewController.m */,
			);
			path = "Login(登陆界面)";
			sourceTree = "<group>";
		};
		FB59BDB41CA3DF7300FD5EFA /* HD */ = {
			isa = PBXGroup;
			children = (
				FB59BDD51CA3E2C700FD5EFA /* MMHud.h */,
				FB59BDD61CA3E2C700FD5EFA /* MMHud.m */,
				FB59BDD71CA3E2C700FD5EFA /* MMProgressHUD.h */,
				FB59BDD81CA3E2C700FD5EFA /* MMProgressHUD.m */,
				FB59BDD91CA3E2C700FD5EFA /* MMProgressHUD+Animations.h */,
				FB59BDDA1CA3E2C700FD5EFA /* MMProgressHUD+Animations.m */,
				FB59BDDB1CA3E2C700FD5EFA /* MMProgressHUD+Class.m */,
				FB59BDDC1CA3E2C700FD5EFA /* MMProgressHUDOverlayView.h */,
				FB59BDDD1CA3E2C700FD5EFA /* MMProgressHUDOverlayView.m */,
				FB59BDDE1CA3E2C700FD5EFA /* MMProgressHUDViewController.h */,
				FB59BDDF1CA3E2C700FD5EFA /* MMProgressHUDViewController.m */,
				FB59BDE01CA3E2C700FD5EFA /* MMProgressHUDWindow.h */,
				FB59BDE11CA3E2C700FD5EFA /* MMProgressHUDWindow.m */,
				FB59BDE21CA3E2C700FD5EFA /* MMRadialProgressView.h */,
				FB59BDE31CA3E2C700FD5EFA /* MMRadialProgressView.m */,
				FB59BDE41CA3E2C700FD5EFA /* MMVectorImage.h */,
				FB59BDE51CA3E2C700FD5EFA /* MMVectorImage.m */,
				FB59BDE61CA3E2C700FD5EFA /* MSKeyBoardManager.h */,
				FB59BDE71CA3E2C700FD5EFA /* MSKeyBoardManager.m */,
			);
			path = HD;
			sourceTree = "<group>";
		};
		FB59BDF21CA3ED4E00FD5EFA /* SBJson */ = {
			isa = PBXGroup;
			children = (
				FB59BDF31CA3ED4E00FD5EFA /* NSObject+SBJson.h */,
				FB59BDF41CA3ED4E00FD5EFA /* NSObject+SBJson.m */,
				FB59BDF51CA3ED4E00FD5EFA /* SBJson.h */,
				FB59BDF61CA3ED4E00FD5EFA /* SBJsonParser.h */,
				FB59BDF71CA3ED4E00FD5EFA /* SBJsonParser.m */,
				FB59BDF81CA3ED4E00FD5EFA /* SBJsonStreamParser.h */,
				FB59BDF91CA3ED4E00FD5EFA /* SBJsonStreamParser.m */,
				FB59BDFA1CA3ED4E00FD5EFA /* SBJsonStreamParserAccumulator.h */,
				FB59BDFB1CA3ED4E00FD5EFA /* SBJsonStreamParserAccumulator.m */,
				FB59BDFC1CA3ED4E00FD5EFA /* SBJsonStreamParserAdapter.h */,
				FB59BDFD1CA3ED4E00FD5EFA /* SBJsonStreamParserAdapter.m */,
				FB59BDFE1CA3ED4E00FD5EFA /* SBJsonStreamParserState.h */,
				FB59BDFF1CA3ED4E00FD5EFA /* SBJsonStreamParserState.m */,
				FB59BE001CA3ED4E00FD5EFA /* SBJsonStreamWriter.h */,
				FB59BE011CA3ED4E00FD5EFA /* SBJsonStreamWriter.m */,
				FB59BE021CA3ED4E00FD5EFA /* SBJsonStreamWriterAccumulator.h */,
				FB59BE031CA3ED4E00FD5EFA /* SBJsonStreamWriterAccumulator.m */,
				FB59BE041CA3ED4E00FD5EFA /* SBJsonStreamWriterState.h */,
				FB59BE051CA3ED4E00FD5EFA /* SBJsonStreamWriterState.m */,
				FB59BE061CA3ED4E00FD5EFA /* SBJsonTokeniser.h */,
				FB59BE071CA3ED4E00FD5EFA /* SBJsonTokeniser.m */,
				FB59BE081CA3ED4E00FD5EFA /* SBJsonUTF8Stream.h */,
				FB59BE091CA3ED4E00FD5EFA /* SBJsonUTF8Stream.m */,
				FB59BE0A1CA3ED4E00FD5EFA /* SBJsonWriter.h */,
				FB59BE0B1CA3ED4E00FD5EFA /* SBJsonWriter.m */,
			);
			path = SBJson;
			sourceTree = "<group>";
		};
		FB59BE1B1CA3EE4B00FD5EFA /* Config */ = {
			isa = PBXGroup;
			children = (
				FB59BE1C1CA3EE4B00FD5EFA /* ZhPublicDef.h */,
				FB59BE1D1CA3EE4B00FD5EFA /* ZhPublicDef.m */,
			);
			name = Config;
			path = ZhGame/Config;
			sourceTree = "<group>";
		};
		FB6B57FE1CA92CCC005B06C0 /* View(个人信息) */ = {
			isa = PBXGroup;
			children = (
				FB6B57FF1CA92CCC005B06C0 /* ZhUserInfoView.h */,
				FB6B58001CA92CCC005B06C0 /* ZhUserInfoView.m */,
			);
			name = "View(个人信息)";
			path = View;
			sourceTree = "<group>";
		};
		FB6B58051CA9391B005B06C0 /* Service */ = {
			isa = PBXGroup;
			children = (
				FB6B58061CA9391B005B06C0 /* ZhMyselfService.h */,
				FB6B58071CA9391B005B06C0 /* ZhMyselfService.m */,
			);
			path = Service;
			sourceTree = "<group>";
		};
		FBA7F79E1C8D6DAB000C8119 = {
			isa = PBXGroup;
			children = (
				FB0BC5F41C97D3060014DA54 /* Framework */,
				FB59BE1B1CA3EE4B00FD5EFA /* Config */,
				FB0BC5F31C97D2E70014DA54 /* Utils */,
				FB07B74A1C8D8CB200501747 /* ThirdLib */,
				FBA7F7F81C8D6DF5000C8119 /* UI */,
				FBA7F7DD1C8D6DED000C8119 /* images */,
				FBA7F7A91C8D6DAB000C8119 /* ZhGame */,
				FBA7F7C31C8D6DAB000C8119 /* ZhGameTests */,
				FBA7F7CE1C8D6DAB000C8119 /* ZhGameUITests */,
				FBA7F7A81C8D6DAB000C8119 /* Products */,
			);
			sourceTree = "<group>";
		};
		FBA7F7A81C8D6DAB000C8119 /* Products */ = {
			isa = PBXGroup;
			children = (
				FBA7F7A71C8D6DAB000C8119 /* ZhGame.app */,
				FBA7F7C01C8D6DAB000C8119 /* ZhGameTests.xctest */,
				FBA7F7CB1C8D6DAB000C8119 /* ZhGameUITests.xctest */,
			);
			name = Products;
			sourceTree = "<group>";
		};
		FBA7F7A91C8D6DAB000C8119 /* ZhGame */ = {
			isa = PBXGroup;
			children = (
				FBA7F7AD1C8D6DAB000C8119 /* AppDelegate.h */,
				FBA7F7AE1C8D6DAB000C8119 /* AppDelegate.m */,
				FBA7F7B01C8D6DAB000C8119 /* ViewController.h */,
				FBA7F7B11C8D6DAB000C8119 /* ViewController.m */,
				FBA7F7B31C8D6DAB000C8119 /* Main.storyboard */,
				FBA7F7B61C8D6DAB000C8119 /* Assets.xcassets */,
				FBA7F7B81C8D6DAB000C8119 /* LaunchScreen.storyboard */,
				FBA7F7BB1C8D6DAB000C8119 /* Info.plist */,
				FBA7F7AA1C8D6DAB000C8119 /* Supporting Files */,
			);
			path = ZhGame;
			sourceTree = "<group>";
		};
		FBA7F7AA1C8D6DAB000C8119 /* Supporting Files */ = {
			isa = PBXGroup;
			children = (
				FBA7F7AB1C8D6DAB000C8119 /* main.m */,
			);
			name = "Supporting Files";
			sourceTree = "<group>";
		};
		FBA7F7C31C8D6DAB000C8119 /* ZhGameTests */ = {
			isa = PBXGroup;
			children = (
				FBA7F7C41C8D6DAB000C8119 /* ZhGameTests.m */,
				FBA7F7C61C8D6DAB000C8119 /* Info.plist */,
			);
			path = ZhGameTests;
			sourceTree = "<group>";
		};
		FBA7F7CE1C8D6DAB000C8119 /* ZhGameUITests */ = {
			isa = PBXGroup;
			children = (
				FBA7F7CF1C8D6DAB000C8119 /* ZhGameUITests.m */,
				FBA7F7D11C8D6DAB000C8119 /* Info.plist */,
			);
			path = ZhGameUITests;
			sourceTree = "<group>";
		};
		FBA7F7DD1C8D6DED000C8119 /* images */ = {
			isa = PBXGroup;
			children = (
				FB206E571C8EAA8C009F7681 /* pd_sdk_dialog_pwd.png */,
				FB206E581C8EAA8C009F7681 /* pd_sdk_dialog_pwd@2x.png */,
				FB206E531C8EA92C009F7681 /* login_regner_phone.png */,
				FB206E541C8EA92C009F7681 /* login_regner_phone@2x.png */,
				FB206E3E1C8E80C7009F7681 /* logo.png */,
				FBA7F7DE1C8D6DED000C8119 /* addMore.png */,
				FBA7F7DF1C8D6DED000C8119 /* btn_release@2x.png */,
				FBA7F7E01C8D6DED000C8119 /* btn_release@3x.png */,
				FBA7F7E11C8D6DED000C8119 /* choose.png */,
				FBA7F7E31C8D6DED000C8119 /* tab_buddy_nor@2x.png */,
				FBA7F7E41C8D6DED000C8119 /* tab_buddy_press@2x.png */,
				FBA7F7E51C8D6DED000C8119 /* tab_me_nor@2x.png */,
				FBA7F7E61C8D6DED000C8119 /* tab_me_press@2x.png */,
				FBA7F7E71C8D6DED000C8119 /* tab_qworld_nor@2x.png */,
				FBA7F7E81C8D6DED000C8119 /* tab_qworld_press@2x.png */,
				FBA7F7E91C8D6DED000C8119 /* tab_recent_nor@2x.png */,
				FBA7F7EA1C8D6DED000C8119 /* tab_recent_press@2x.png */,
			);
			name = images;
			path = ZhGame/images;
			sourceTree = "<group>";
		};
		FBA7F7F81C8D6DF5000C8119 /* UI */ = {
			isa = PBXGroup;
			children = (
				FB206E361C8E7358009F7681 /* Auth(登陆|注册) */,
				FBA7F7F91C8D6DF5000C8119 /* Button */,
				FBA7F7FC1C8D6DF5000C8119 /* Fragement */,
				FBA7F80B1C8D6DF5000C8119 /* Masonry */,
				FBA7F8251C8D6DF5000C8119 /* Menu */,
				FBA7F8281C8D6DF5000C8119 /* MyselfPage(个人) */,
				FBA7F82E1C8D6DF5000C8119 /* TabBar */,
			);
			name = UI;
			path = ZhGame/UI;
			sourceTree = "<group>";
		};
		FBA7F7F91C8D6DF5000C8119 /* Button */ = {
			isa = PBXGroup;
			children = (
				FBA7F7FA1C8D6DF5000C8119 /* ZhTabBarButton.h */,
				FBA7F7FB1C8D6DF5000C8119 /* ZhTabBarButton.m */,
			);
			path = Button;
			sourceTree = "<group>";
		};
		FBA7F7FC1C8D6DF5000C8119 /* Fragement */ = {
			isa = PBXGroup;
			children = (
				FBA7F7FD1C8D6DF5000C8119 /* Zh1ViewController.h */,
				FBA7F7FE1C8D6DF5000C8119 /* Zh1ViewController.m */,
				FBA7F7FF1C8D6DF5000C8119 /* Zh2ViewController.h */,
				FBA7F8001C8D6DF5000C8119 /* Zh2ViewController.m */,
				FBA7F8011C8D6DF5000C8119 /* Zh3ViewController.h */,
				FBA7F8021C8D6DF5000C8119 /* Zh3ViewController.m */,
				FBA7F8031C8D6DF5000C8119 /* Zh4ViewController.h */,
				FBA7F8041C8D6DF5000C8119 /* Zh4ViewController.m */,
				FBA7F8051C8D6DF5000C8119 /* Zh5TableViewController.h */,
				FBA7F8061C8D6DF5000C8119 /* Zh5TableViewController.m */,
			);
			path = Fragement;
			sourceTree = "<group>";
		};
		FBA7F80B1C8D6DF5000C8119 /* Masonry */ = {
			isa = PBXGroup;
			children = (
				FBA7F80C1C8D6DF5000C8119 /* MASCompositeConstraint.h */,
				FBA7F80D1C8D6DF5000C8119 /* MASCompositeConstraint.m */,
				FBA7F80E1C8D6DF5000C8119 /* MASConstraint+Private.h */,
				FBA7F80F1C8D6DF5000C8119 /* MASConstraint.h */,
				FBA7F8101C8D6DF5000C8119 /* MASConstraint.m */,
				FBA7F8111C8D6DF5000C8119 /* MASConstraintMaker.h */,
				FBA7F8121C8D6DF5000C8119 /* MASConstraintMaker.m */,
				FBA7F8131C8D6DF5000C8119 /* MASLayoutConstraint.h */,
				FBA7F8141C8D6DF5000C8119 /* MASLayoutConstraint.m */,
				FBA7F8151C8D6DF5000C8119 /* Masonry.h */,
				FBA7F8161C8D6DF5000C8119 /* MASUtilities.h */,
				FBA7F8171C8D6DF5000C8119 /* MASViewAttribute.h */,
				FBA7F8181C8D6DF5000C8119 /* MASViewAttribute.m */,
				FBA7F8191C8D6DF5000C8119 /* MASViewConstraint.h */,
				FBA7F81A1C8D6DF5000C8119 /* MASViewConstraint.m */,
				FBA7F81B1C8D6DF5000C8119 /* NSArray+MASAdditions.h */,
				FBA7F81C1C8D6DF5000C8119 /* NSArray+MASAdditions.m */,
				FBA7F81D1C8D6DF5000C8119 /* NSArray+MASShorthandAdditions.h */,
				FBA7F81E1C8D6DF5000C8119 /* NSLayoutConstraint+MASDebugAdditions.h */,
				FBA7F81F1C8D6DF5000C8119 /* NSLayoutConstraint+MASDebugAdditions.m */,
				FBA7F8201C8D6DF5000C8119 /* View+MASAdditions.h */,
				FBA7F8211C8D6DF5000C8119 /* View+MASAdditions.m */,
				FBA7F8221C8D6DF5000C8119 /* View+MASShorthandAdditions.h */,
				FBA7F8231C8D6DF5000C8119 /* ViewController+MASAdditions.h */,
				FBA7F8241C8D6DF5000C8119 /* ViewController+MASAdditions.m */,
			);
			path = Masonry;
			sourceTree = "<group>";
		};
		FBA7F8251C8D6DF5000C8119 /* Menu */ = {
			isa = PBXGroup;
			children = (
				FBA7F8261C8D6DF5000C8119 /* ZhRootViewController.h */,
				FBA7F8271C8D6DF5000C8119 /* ZhRootViewController.m */,
			);
			path = Menu;
			sourceTree = "<group>";
		};
		FBA7F8281C8D6DF5000C8119 /* MyselfPage(个人) */ = {
			isa = PBXGroup;
			children = (
				FB6B58051CA9391B005B06C0 /* Service */,
				FB6B57FE1CA92CCC005B06C0 /* View(个人信息) */,
				FBA7F8291C8D6DF5000C8119 /* Controller */,
			);
			path = "MyselfPage(个人)";
			sourceTree = "<group>";
		};
		FBA7F8291C8D6DF5000C8119 /* Controller */ = {
			isa = PBXGroup;
			children = (
				FBA7F82C1C8D6DF5000C8119 /* MyselfListViewController.h */,
				FBA7F82D1C8D6DF5000C8119 /* MyselfListViewController.m */,
			);
			path = Controller;
			sourceTree = "<group>";
		};
		FBA7F82E1C8D6DF5000C8119 /* TabBar */ = {
			isa = PBXGroup;
			children = (
				FBA7F82F1C8D6DF5000C8119 /* ZhTabBarController.h */,
				FBA7F8301C8D6DF5000C8119 /* ZhTabBarController.m */,
				FBA7F8311C8D6DF5000C8119 /* ZhTabBarView.h */,
				FBA7F8321C8D6DF5000C8119 /* ZhTabBarView.m */,
			);
			path = TabBar;
			sourceTree = "<group>";
		};
/* End PBXGroup section */

/* Begin PBXNativeTarget section */
		FBA7F7A61C8D6DAB000C8119 /* ZhGame */ = {
			isa = PBXNativeTarget;
			buildConfigurationList = FBA7F7D41C8D6DAB000C8119 /* Build configuration list for PBXNativeTarget "ZhGame" */;
			buildPhases = (
				FBA7F7A31C8D6DAB000C8119 /* Sources */,
				FBA7F7A41C8D6DAB000C8119 /* Frameworks */,
				FBA7F7A51C8D6DAB000C8119 /* Resources */,
			);
			buildRules = (
			);
			dependencies = (
			);
			name = ZhGame;
			productName = ZhGame;
			productReference = FBA7F7A71C8D6DAB000C8119 /* ZhGame.app */;
			productType = "com.apple.product-type.application";
		};
		FBA7F7BF1C8D6DAB000C8119 /* ZhGameTests */ = {
			isa = PBXNativeTarget;
			buildConfigurationList = FBA7F7D71C8D6DAB000C8119 /* Build configuration list for PBXNativeTarget "ZhGameTests" */;
			buildPhases = (
				FBA7F7BC1C8D6DAB000C8119 /* Sources */,
				FBA7F7BD1C8D6DAB000C8119 /* Frameworks */,
				FBA7F7BE1C8D6DAB000C8119 /* Resources */,
			);
			buildRules = (
			);
			dependencies = (
				FBA7F7C21C8D6DAB000C8119 /* PBXTargetDependency */,
			);
			name = ZhGameTests;
			productName = ZhGameTests;
			productReference = FBA7F7C01C8D6DAB000C8119 /* ZhGameTests.xctest */;
			productType = "com.apple.product-type.bundle.unit-test";
		};
		FBA7F7CA1C8D6DAB000C8119 /* ZhGameUITests */ = {
			isa = PBXNativeTarget;
			buildConfigurationList = FBA7F7DA1C8D6DAB000C8119 /* Build configuration list for PBXNativeTarget "ZhGameUITests" */;
			buildPhases = (
				FBA7F7C71C8D6DAB000C8119 /* Sources */,
				FBA7F7C81C8D6DAB000C8119 /* Frameworks */,
				FBA7F7C91C8D6DAB000C8119 /* Resources */,
			);
			buildRules = (
			);
			dependencies = (
				FBA7F7CD1C8D6DAB000C8119 /* PBXTargetDependency */,
			);
			name = ZhGameUITests;
			productName = ZhGameUITests;
			productReference = FBA7F7CB1C8D6DAB000C8119 /* ZhGameUITests.xctest */;
			productType = "com.apple.product-type.bundle.ui-testing";
		};
/* End PBXNativeTarget section */

/* Begin PBXProject section */
		FBA7F79F1C8D6DAB000C8119 /* Project object */ = {
			isa = PBXProject;
			attributes = {
				LastUpgradeCheck = 0720;
				ORGANIZATIONNAME = zhouhuan;
				TargetAttributes = {
					FBA7F7A61C8D6DAB000C8119 = {
						CreatedOnToolsVersion = 7.2.1;
					};
					FBA7F7BF1C8D6DAB000C8119 = {
						CreatedOnToolsVersion = 7.2.1;
						TestTargetID = FBA7F7A61C8D6DAB000C8119;
					};
					FBA7F7CA1C8D6DAB000C8119 = {
						CreatedOnToolsVersion = 7.2.1;
						TestTargetID = FBA7F7A61C8D6DAB000C8119;
					};
				};
			};
			buildConfigurationList = FBA7F7A21C8D6DAB000C8119 /* Build configuration list for PBXProject "ZhGame" */;
			compatibilityVersion = "Xcode 3.2";
			developmentRegion = English;
			hasScannedForEncodings = 0;
			knownRegions = (
				en,
				Base,
			);
			mainGroup = FBA7F79E1C8D6DAB000C8119;
			productRefGroup = FBA7F7A81C8D6DAB000C8119 /* Products */;
			projectDirPath = "";
			projectRoot = "";
			targets = (
				FBA7F7A61C8D6DAB000C8119 /* ZhGame */,
				FBA7F7BF1C8D6DAB000C8119 /* ZhGameTests */,
				FBA7F7CA1C8D6DAB000C8119 /* ZhGameUITests */,
			);
		};
/* End PBXProject section */

/* Begin PBXResourcesBuildPhase section */
		FBA7F7A51C8D6DAB000C8119 /* Resources */ = {
			isa = PBXResourcesBuildPhase;
			buildActionMask = 2147483647;
			files = (
				FB206E561C8EA92C009F7681 /* login_regner_phone@2x.png in Resources */,
				FB206E591C8EAA8C009F7681 /* pd_sdk_dialog_pwd.png in Resources */,
				FBA7F7F31C8D6DED000C8119 /* tab_me_press@2x.png in Resources */,
				FBA7F7EC1C8D6DED000C8119 /* btn_release@2x.png in Resources */,
				FB206E551C8EA92C009F7681 /* login_regner_phone.png in Resources */,
				FBA7F7BA1C8D6DAB000C8119 /* LaunchScreen.storyboard in Resources */,
				FBA7F7ED1C8D6DED000C8119 /* btn_release@3x.png in Resources */,
				FB206E5A1C8EAA8C009F7681 /* pd_sdk_dialog_pwd@2x.png in Resources */,
				FBA7F7F61C8D6DED000C8119 /* tab_recent_nor@2x.png in Resources */,
				FBA7F7F51C8D6DED000C8119 /* tab_qworld_press@2x.png in Resources */,
				FBA7F7F71C8D6DED000C8119 /* tab_recent_press@2x.png in Resources */,
				FBA7F7EE1C8D6DED000C8119 /* choose.png in Resources */,
				FBA7F7F01C8D6DED000C8119 /* tab_buddy_nor@2x.png in Resources */,
				FBA7F7B71C8D6DAB000C8119 /* Assets.xcassets in Resources */,
				FBA7F7F41C8D6DED000C8119 /* tab_qworld_nor@2x.png in Resources */,
				FBA7F7EB1C8D6DED000C8119 /* addMore.png in Resources */,
				FB206E3F1C8E80C7009F7681 /* logo.png in Resources */,
				FBA7F7B51C8D6DAB000C8119 /* Main.storyboard in Resources */,
				FBA7F7F21C8D6DED000C8119 /* tab_me_nor@2x.png in Resources */,
				FBA7F7F11C8D6DED000C8119 /* tab_buddy_press@2x.png in Resources */,
			);
			runOnlyForDeploymentPostprocessing = 0;
		};
		FBA7F7BE1C8D6DAB000C8119 /* Resources */ = {
			isa = PBXResourcesBuildPhase;
			buildActionMask = 2147483647;
			files = (
			);
			runOnlyForDeploymentPostprocessing = 0;
		};
		FBA7F7C91C8D6DAB000C8119 /* Resources */ = {
			isa = PBXResourcesBuildPhase;
			buildActionMask = 2147483647;
			files = (
			);
			runOnlyForDeploymentPostprocessing = 0;
		};
/* End PBXResourcesBuildPhase section */

/* Begin PBXSourcesBuildPhase section */
		FBA7F7A31C8D6DAB000C8119 /* Sources */ = {
			isa = PBXSourcesBuildPhase;
			buildActionMask = 2147483647;
			files = (
				FB59BDE81CA3E2C700FD5EFA /* MMHud.m in Sources */,
				FB59BE0C1CA3ED4E00FD5EFA /* NSObject+SBJson.m in Sources */,
				FBA7F7B21C8D6DAB000C8119 /* ViewController.m in Sources */,
				FB59BDF11CA3E2C700FD5EFA /* MSKeyBoardManager.m in Sources */,
				FB0BC5DC1C97BAFB0014DA54 /* ASIDataDecompressor.m in Sources */,
				FB59BE1E1CA3EE4B00FD5EFA /* ZhPublicDef.m in Sources */,
				FB59BE111CA3ED4E00FD5EFA /* SBJsonStreamParserState.m in Sources */,
				FB59BE101CA3ED4E00FD5EFA /* SBJsonStreamParserAdapter.m in Sources */,
				FB0BC5DA1C97BAFB0014DA54 /* ASIAuthenticationDialog.m in Sources */,
				FBA7F8331C8D6DF5000C8119 /* ZhTabBarButton.m in Sources */,
				FBA7F7AF1C8D6DAB000C8119 /* AppDelegate.m in Sources */,
				FB0BC57A1C965A840014DA54 /* ZhRegisterViewController.m in Sources */,
				FB59BE161CA3ED4E00FD5EFA /* SBJsonUTF8Stream.m in Sources */,
				FBA7F8491C8D6DF5000C8119 /* ZhTabBarView.m in Sources */,
				FB206E691C8EC01B009F7681 /* ZhLoginViewController.m in Sources */,
				FB59BDF01CA3E2C700FD5EFA /* MMVectorImage.m in Sources */,
				FB206E3D1C8E77E5009F7681 /* LHCustomModalTransition.m in Sources */,
				FB59BE151CA3ED4E00FD5EFA /* SBJsonTokeniser.m in Sources */,
				FBA7F83B1C8D6DF5000C8119 /* MASCompositeConstraint.m in Sources */,
				FB6B58081CA9391B005B06C0 /* ZhMyselfService.m in Sources */,
				FBA7F8371C8D6DF5000C8119 /* Zh4ViewController.m in Sources */,
				FBA7F8401C8D6DF5000C8119 /* MASViewConstraint.m in Sources */,
				FBA7F8351C8D6DF5000C8119 /* Zh2ViewController.m in Sources */,
				FB59BE171CA3ED4E00FD5EFA /* SBJsonWriter.m in Sources */,
				FB206E611C8EBB4B009F7681 /* ZhAuthUtilViewController.m in Sources */,
				FBA7F8471C8D6DF5000C8119 /* MyselfListViewController.m in Sources */,
				FBA7F8451C8D6DF5000C8119 /* ZhRootViewController.m in Sources */,
				FBA7F8431C8D6DF5000C8119 /* View+MASAdditions.m in Sources */,
				FB59BDEF1CA3E2C700FD5EFA /* MMRadialProgressView.m in Sources */,
				FB59BDE91CA3E2C700FD5EFA /* MMProgressHUD.m in Sources */,
				FB59BE141CA3ED4E00FD5EFA /* SBJsonStreamWriterState.m in Sources */,
				FBA7F8421C8D6DF5000C8119 /* NSLayoutConstraint+MASDebugAdditions.m in Sources */,
				FB59BE131CA3ED4E00FD5EFA /* SBJsonStreamWriterAccumulator.m in Sources */,
				FBA7F83E1C8D6DF5000C8119 /* MASLayoutConstraint.m in Sources */,
				FBA7F8441C8D6DF5000C8119 /* ViewController+MASAdditions.m in Sources */,
				FB59BE0F1CA3ED4E00FD5EFA /* SBJsonStreamParserAccumulator.m in Sources */,
				FB59BDEE1CA3E2C700FD5EFA /* MMProgressHUDWindow.m in Sources */,
				FBA7F83D1C8D6DF5000C8119 /* MASConstraintMaker.m in Sources */,
				FB59BDEB1CA3E2C700FD5EFA /* MMProgressHUD+Class.m in Sources */,
				FBA7F8341C8D6DF5000C8119 /* Zh1ViewController.m in Sources */,
				FB0BC5F71C97D33E0014DA54 /* ZhStringUtils.m in Sources */,
				FBA7F8361C8D6DF5000C8119 /* Zh3ViewController.m in Sources */,
				FB0BC5E11C97BAFB0014DA54 /* ASINetworkQueue.m in Sources */,
				FB6B58011CA92CCC005B06C0 /* ZhUserInfoView.m in Sources */,
				FBA7F7AC1C8D6DAB000C8119 /* main.m in Sources */,
				FB07B7561C8D8CB200501747 /* MMDrawerController.m in Sources */,
				FBA7F8411C8D6DF5000C8119 /* NSArray+MASAdditions.m in Sources */,
				FBC1D69D1CA3D30A00319633 /* ZhRegisterService.m in Sources */,
				FB0BC5E01C97BAFB0014DA54 /* ASIInputStream.m in Sources */,
				FBA7F83F1C8D6DF5000C8119 /* MASViewAttribute.m in Sources */,
				FB0BC5DD1C97BAFB0014DA54 /* ASIDownloadCache.m in Sources */,
				FB07B7571C8D8CB200501747 /* MMDrawerVisualState.m in Sources */,
				FB0BC5DF1C97BAFB0014DA54 /* ASIHTTPRequest.m in Sources */,
				FBA7F8381C8D6DF5000C8119 /* Zh5TableViewController.m in Sources */,
				FB07B7581C8D8CB200501747 /* UIViewController+MMDrawerController.m in Sources */,
				FB59BDED1CA3E2C700FD5EFA /* MMProgressHUDViewController.m in Sources */,
				FB0BC5E21C97BAFB0014DA54 /* Reachability.m in Sources */,
				FB59BE121CA3ED4E00FD5EFA /* SBJsonStreamWriter.m in Sources */,
				FB0BC5DE1C97BAFB0014DA54 /* ASIFormDataRequest.m in Sources */,
				FBA7F83C1C8D6DF5000C8119 /* MASConstraint.m in Sources */,
				FB0BC5DB1C97BAFB0014DA54 /* ASIDataCompressor.m in Sources */,
				FB07B7551C8D8CB200501747 /* MMDrawerBarButtonItem.m in Sources */,
				FBA7F8481C8D6DF5000C8119 /* ZhTabBarController.m in Sources */,
				FB59BE0D1CA3ED4E00FD5EFA /* SBJsonParser.m in Sources */,
				FB59BDEC1CA3E2C700FD5EFA /* MMProgressHUDOverlayView.m in Sources */,
				FB59BDEA1CA3E2C700FD5EFA /* MMProgressHUD+Animations.m in Sources */,
				FB59BE0E1CA3ED4E00FD5EFA /* SBJsonStreamParser.m in Sources */,
			);
			runOnlyForDeploymentPostprocessing = 0;
		};
		FBA7F7BC1C8D6DAB000C8119 /* Sources */ = {
			isa = PBXSourcesBuildPhase;
			buildActionMask = 2147483647;
			files = (
				FBA7F7C51C8D6DAB000C8119 /* ZhGameTests.m in Sources */,
			);
			runOnlyForDeploymentPostprocessing = 0;
		};
		FBA7F7C71C8D6DAB000C8119 /* Sources */ = {
			isa = PBXSourcesBuildPhase;
			buildActionMask = 2147483647;
			files = (
				FBA7F7D01C8D6DAB000C8119 /* ZhGameUITests.m in Sources */,
			);
			runOnlyForDeploymentPostprocessing = 0;
		};
/* End PBXSourcesBuildPhase section */

/* Begin PBXTargetDependency section */
		FBA7F7C21C8D6DAB000C8119 /* PBXTargetDependency */ = {
			isa = PBXTargetDependency;
			target = FBA7F7A61C8D6DAB000C8119 /* ZhGame */;
			targetProxy = FBA7F7C11C8D6DAB000C8119 /* PBXContainerItemProxy */;
		};
		FBA7F7CD1C8D6DAB000C8119 /* PBXTargetDependency */ = {
			isa = PBXTargetDependency;
			target = FBA7F7A61C8D6DAB000C8119 /* ZhGame */;
			targetProxy = FBA7F7CC1C8D6DAB000C8119 /* PBXContainerItemProxy */;
		};
/* End PBXTargetDependency section */

/* Begin PBXVariantGroup section */
		FBA7F7B31C8D6DAB000C8119 /* Main.storyboard */ = {
			isa = PBXVariantGroup;
			children = (
				FBA7F7B41C8D6DAB000C8119 /* Base */,
			);
			name = Main.storyboard;
			sourceTree = "<group>";
		};
		FBA7F7B81C8D6DAB000C8119 /* LaunchScreen.storyboard */ = {
			isa = PBXVariantGroup;
			children = (
				FBA7F7B91C8D6DAB000C8119 /* Base */,
			);
			name = LaunchScreen.storyboard;
			sourceTree = "<group>";
		};
/* End PBXVariantGroup section */

/* Begin XCBuildConfiguration section */
		FBA7F7D21C8D6DAB000C8119 /* Debug */ = {
			isa = XCBuildConfiguration;
			buildSettings = {
				ALWAYS_SEARCH_USER_PATHS = NO;
				CLANG_CXX_LANGUAGE_STANDARD = "gnu++0x";
				CLANG_CXX_LIBRARY = "libc++";
				CLANG_ENABLE_MODULES = YES;
				CLANG_ENABLE_OBJC_ARC = YES;
				CLANG_WARN_BOOL_CONVERSION = YES;
				CLANG_WARN_CONSTANT_CONVERSION = YES;
				CLANG_WARN_DIRECT_OBJC_ISA_USAGE = YES_ERROR;
				CLANG_WARN_EMPTY_BODY = YES;
				CLANG_WARN_ENUM_CONVERSION = YES;
				CLANG_WARN_INT_CONVERSION = YES;
				CLANG_WARN_OBJC_ROOT_CLASS = YES_ERROR;
				CLANG_WARN_UNREACHABLE_CODE = YES;
				CLANG_WARN__DUPLICATE_METHOD_MATCH = YES;
				"CODE_SIGN_IDENTITY[sdk=iphoneos*]" = "iPhone Developer";
				COPY_PHASE_STRIP = NO;
				DEBUG_INFORMATION_FORMAT = dwarf;
				ENABLE_STRICT_OBJC_MSGSEND = YES;
				ENABLE_TESTABILITY = YES;
				GCC_C_LANGUAGE_STANDARD = gnu99;
				GCC_DYNAMIC_NO_PIC = NO;
				GCC_NO_COMMON_BLOCKS = YES;
				GCC_OPTIMIZATION_LEVEL = 0;
				GCC_PREPROCESSOR_DEFINITIONS = (
					"DEBUG=1",
					"$(inherited)",
				);
				GCC_WARN_64_TO_32_BIT_CONVERSION = YES;
				GCC_WARN_ABOUT_RETURN_TYPE = YES_ERROR;
				GCC_WARN_UNDECLARED_SELECTOR = YES;
				GCC_WARN_UNINITIALIZED_AUTOS = YES_AGGRESSIVE;
				GCC_WARN_UNUSED_FUNCTION = YES;
				GCC_WARN_UNUSED_VARIABLE = YES;
				IPHONEOS_DEPLOYMENT_TARGET = 9.2;
				MTL_ENABLE_DEBUG_INFO = YES;
				ONLY_ACTIVE_ARCH = YES;
				SDKROOT = iphoneos;
				TARGETED_DEVICE_FAMILY = "1,2";
			};
			name = Debug;
		};
		FBA7F7D31C8D6DAB000C8119 /* Release */ = {
			isa = XCBuildConfiguration;
			buildSettings = {
				ALWAYS_SEARCH_USER_PATHS = NO;
				CLANG_CXX_LANGUAGE_STANDARD = "gnu++0x";
				CLANG_CXX_LIBRARY = "libc++";
				CLANG_ENABLE_MODULES = YES;
				CLANG_ENABLE_OBJC_ARC = YES;
				CLANG_WARN_BOOL_CONVERSION = YES;
				CLANG_WARN_CONSTANT_CONVERSION = YES;
				CLANG_WARN_DIRECT_OBJC_ISA_USAGE = YES_ERROR;
				CLANG_WARN_EMPTY_BODY = YES;
				CLANG_WARN_ENUM_CONVERSION = YES;
				CLANG_WARN_INT_CONVERSION = YES;
				CLANG_WARN_OBJC_ROOT_CLASS = YES_ERROR;
				CLANG_WARN_UNREACHABLE_CODE = YES;
				CLANG_WARN__DUPLICATE_METHOD_MATCH = YES;
				"CODE_SIGN_IDENTITY[sdk=iphoneos*]" = "iPhone Developer";
				COPY_PHASE_STRIP = NO;
				DEBUG_INFORMATION_FORMAT = "dwarf-with-dsym";
				ENABLE_NS_ASSERTIONS = NO;
				ENABLE_STRICT_OBJC_MSGSEND = YES;
				GCC_C_LANGUAGE_STANDARD = gnu99;
				GCC_NO_COMMON_BLOCKS = YES;
				GCC_WARN_64_TO_32_BIT_CONVERSION = YES;
				GCC_WARN_ABOUT_RETURN_TYPE = YES_ERROR;
				GCC_WARN_UNDECLARED_SELECTOR = YES;
				GCC_WARN_UNINITIALIZED_AUTOS = YES_AGGRESSIVE;
				GCC_WARN_UNUSED_FUNCTION = YES;
				GCC_WARN_UNUSED_VARIABLE = YES;
				IPHONEOS_DEPLOYMENT_TARGET = 9.2;
				MTL_ENABLE_DEBUG_INFO = NO;
				SDKROOT = iphoneos;
				TARGETED_DEVICE_FAMILY = "1,2";
				VALIDATE_PRODUCT = YES;
			};
			name = Release;
		};
		FBA7F7D51C8D6DAB000C8119 /* Debug */ = {
			isa = XCBuildConfiguration;
			buildSettings = {
				ASSETCATALOG_COMPILER_APPICON_NAME = AppIcon;
				CLANG_ENABLE_OBJC_ARC = YES;
				ENABLE_BITCODE = NO;
				INFOPLIST_FILE = ZhGame/Info.plist;
				LD_RUNPATH_SEARCH_PATHS = "$(inherited) @executable_path/Frameworks";
				PRODUCT_BUNDLE_IDENTIFIER = com.zlongame.ZhGame;
				PRODUCT_NAME = "$(TARGET_NAME)";
			};
			name = Debug;
		};
		FBA7F7D61C8D6DAB000C8119 /* Release */ = {
			isa = XCBuildConfiguration;
			buildSettings = {
				ASSETCATALOG_COMPILER_APPICON_NAME = AppIcon;
				CLANG_ENABLE_OBJC_ARC = YES;
				ENABLE_BITCODE = NO;
				INFOPLIST_FILE = ZhGame/Info.plist;
				LD_RUNPATH_SEARCH_PATHS = "$(inherited) @executable_path/Frameworks";
				PRODUCT_BUNDLE_IDENTIFIER = com.zlongame.ZhGame;
				PRODUCT_NAME = "$(TARGET_NAME)";
			};
			name = Release;
		};
		FBA7F7D81C8D6DAB000C8119 /* Debug */ = {
			isa = XCBuildConfiguration;
			buildSettings = {
				BUNDLE_LOADER = "$(TEST_HOST)";
				INFOPLIST_FILE = ZhGameTests/Info.plist;
				LD_RUNPATH_SEARCH_PATHS = "$(inherited) @executable_path/Frameworks @loader_path/Frameworks";
				PRODUCT_BUNDLE_IDENTIFIER = com.zlongame.sdk.ZhGameTests;
				PRODUCT_NAME = "$(TARGET_NAME)";
				TEST_HOST = "$(BUILT_PRODUCTS_DIR)/ZhGame.app/ZhGame";
			};
			name = Debug;
		};
		FBA7F7D91C8D6DAB000C8119 /* Release */ = {
			isa = XCBuildConfiguration;
			buildSettings = {
				BUNDLE_LOADER = "$(TEST_HOST)";
				INFOPLIST_FILE = ZhGameTests/Info.plist;
				LD_RUNPATH_SEARCH_PATHS = "$(inherited) @executable_path/Frameworks @loader_path/Frameworks";
				PRODUCT_BUNDLE_IDENTIFIER = com.zlongame.sdk.ZhGameTests;
				PRODUCT_NAME = "$(TARGET_NAME)";
				TEST_HOST = "$(BUILT_PRODUCTS_DIR)/ZhGame.app/ZhGame";
			};
			name = Release;
		};
		FBA7F7DB1C8D6DAB000C8119 /* Debug */ = {
			isa = XCBuildConfiguration;
			buildSettings = {
				INFOPLIST_FILE = ZhGameUITests/Info.plist;
				LD_RUNPATH_SEARCH_PATHS = "$(inherited) @executable_path/Frameworks @loader_path/Frameworks";
				PRODUCT_BUNDLE_IDENTIFIER = com.zlongame.sdk.ZhGameUITests;
				PRODUCT_NAME = "$(TARGET_NAME)";
				TEST_TARGET_NAME = ZhGame;
				USES_XCTRUNNER = YES;
			};
			name = Debug;
		};
		FBA7F7DC1C8D6DAB000C8119 /* Release */ = {
			isa = XCBuildConfiguration;
			buildSettings = {
				INFOPLIST_FILE = ZhGameUITests/Info.plist;
				LD_RUNPATH_SEARCH_PATHS = "$(inherited) @executable_path/Frameworks @loader_path/Frameworks";
				PRODUCT_BUNDLE_IDENTIFIER = com.zlongame.sdk.ZhGameUITests;
				PRODUCT_NAME = "$(TARGET_NAME)";
				TEST_TARGET_NAME = ZhGame;
				USES_XCTRUNNER = YES;
			};
			name = Release;
		};
/* End XCBuildConfiguration section */

/* Begin XCConfigurationList section */
		FBA7F7A21C8D6DAB000C8119 /* Build configuration list for PBXProject "ZhGame" */ = {
			isa = XCConfigurationList;
			buildConfigurations = (
				FBA7F7D21C8D6DAB000C8119 /* Debug */,
				FBA7F7D31C8D6DAB000C8119 /* Release */,
			);
			defaultConfigurationIsVisible = 0;
			defaultConfigurationName = Release;
		};
		FBA7F7D41C8D6DAB000C8119 /* Build configuration list for PBXNativeTarget "ZhGame" */ = {
			isa = XCConfigurationList;
			buildConfigurations = (
				FBA7F7D51C8D6DAB000C8119 /* Debug */,
				FBA7F7D61C8D6DAB000C8119 /* Release */,
			);
			defaultConfigurationIsVisible = 0;
			defaultConfigurationName = Release;
		};
		FBA7F7D71C8D6DAB000C8119 /* Build configuration list for PBXNativeTarget "ZhGameTests" */ = {
			isa = XCConfigurationList;
			buildConfigurations = (
				FBA7F7D81C8D6DAB000C8119 /* Debug */,
				FBA7F7D91C8D6DAB000C8119 /* Release */,
			);
			defaultConfigurationIsVisible = 0;
			defaultConfigurationName = Release;
		};
		FBA7F7DA1C8D6DAB000C8119 /* Build configuration list for PBXNativeTarget "ZhGameUITests" */ = {
			isa = XCConfigurationList;
			buildConfigurations = (
				FBA7F7DB1C8D6DAB000C8119 /* Debug */,
				FBA7F7DC1C8D6DAB000C8119 /* Release */,
			);
			defaultConfigurationIsVisible = 0;
			defaultConfigurationName = Release;
		};
/* End XCConfigurationList section */
	};
	rootObject = FBA7F79F1C8D6DAB000C8119 /* Project object */;
}
